
Microsoft Visual Studio Solution File, Format Version 9.00
# Visual Studio 2005
Project("{8BC9CEB8-8B4A-11D0-8D11-00A0C91BC942}") = "qw-client", "qfclient\qfclient.vcproj", "{9A942925-61E6-4975-935A-5D62E8248E64}"
EndProject
Project("{8BC9CEB8-8B4A-11D0-8D11-00A0C91BC942}") = "qw", "qw\qw.vcproj", "{6ADA4322-693A-46BB-897B-17BB5BE9F08C}"
EndProject
Project("{8BC9CEB8-8B4A-11D0-8D11-00A0C91BC942}") = "net-chan", "net\net.vcproj", "{6540C00F-C5EF-4C8B-824D-F2B7B302F0E0}"
EndProject
Project("{8BC9CEB8-8B4A-11D0-8D11-00A0C91BC942}") = "ruamoko", "ruamoko\ruamoko.vcproj", "{51028ACF-53D4-4478-8500-55E6B8A81375}"
EndProject
Project("{8BC9CEB8-8B4A-11D0-8D11-00A0C91BC942}") = "models-gl", "modelsgl\modelsgl.vcproj", "{1311DEDF-B04C-4E96-BFDC-5D9FA0B05AC7}"
EndProject
Project("{8BC9CEB8-8B4A-11D0-8D11-00A0C91BC942}") = "console", "console\console.vcproj", "{ED4AFBF5-C247-4352-966D-048B8998C6A1}"
EndProject
Project("{8BC9CEB8-8B4A-11D0-8D11-00A0C91BC942}") = "gib", "gib\gib.vcproj", "{01C3B138-9D45-4ED6-A763-893C067262C2}"
EndProject
Project("{8BC9CEB8-8B4A-11D0-8D11-00A0C91BC942}") = "util", "util\util.vcproj", "{ACCC6F49-7E06-4395-AAF4-3C03A68F49EB}"
EndProject
Project("{8BC9CEB8-8B4A-11D0-8D11-00A0C91BC942}") = "engine", "engine\engine.vcproj", "{2626C0E1-6F5C-47D3-B80D-93942D766DD7}"
EndProject
Project("{8BC9CEB8-8B4A-11D0-8D11-00A0C91BC942}") = "builtins", "builtins\builtins.vcproj", "{04FA9D77-E45F-4917-B972-B353BA6A6FA8}"
EndProject
Project("{8BC9CEB8-8B4A-11D0-8D11-00A0C91BC942}") = "sound", "sound\sound.vcproj", "{BF149D97-7520-4788-9CD1-3D99C5C8150F}"
EndProject
Project("{8BC9CEB8-8B4A-11D0-8D11-00A0C91BC942}") = "image", "image\image.vcproj", "{5203F034-0047-4EC0-B7E9-D037FAF5D536}"
EndProject
Project("{8BC9CEB8-8B4A-11D0-8D11-00A0C91BC942}") = "video", "video\video.vcproj", "{E7B3D07D-2FE8-481B-8DAB-6255A412A42F}"
EndProject
Project("{8BC9CEB8-8B4A-11D0-8D11-00A0C91BC942}") = "qw-common", "common\common.vcproj", "{BC1F021A-1EEC-4A7A-B746-5AA6048E478C}"
EndProject
Project("{8BC9CEB8-8B4A-11D0-8D11-00A0C91BC942}") = "qw-server", "qfserver\qfserver.vcproj", "{544D097C-9C24-4C57-A171-8C8029421185}"
	ProjectSection(ProjectDependencies) = postProject
		{6ADA4322-693A-46BB-897B-17BB5BE9F08C} = {6ADA4322-693A-46BB-897B-17BB5BE9F08C}
		{B37FE734-01F4-4799-86B2-D084820715BE} = {B37FE734-01F4-4799-86B2-D084820715BE}
		{BC1F021A-1EEC-4A7A-B746-5AA6048E478C} = {BC1F021A-1EEC-4A7A-B746-5AA6048E478C}
		{DE7E8FF8-0F5D-4062-A5C0-CFA3502E7A5A} = {DE7E8FF8-0F5D-4062-A5C0-CFA3502E7A5A}
		{6540C00F-C5EF-4C8B-824D-F2B7B302F0E0} = {6540C00F-C5EF-4C8B-824D-F2B7B302F0E0}
		{ED4AFBF5-C247-4352-966D-048B8998C6A1} = {ED4AFBF5-C247-4352-966D-048B8998C6A1}
		{2626C0E1-6F5C-47D3-B80D-93942D766DD7} = {2626C0E1-6F5C-47D3-B80D-93942D766DD7}
		{51028ACF-53D4-4478-8500-55E6B8A81375} = {51028ACF-53D4-4478-8500-55E6B8A81375}
		{04FA9D77-E45F-4917-B972-B353BA6A6FA8} = {04FA9D77-E45F-4917-B972-B353BA6A6FA8}
		{ACCC6F49-7E06-4395-AAF4-3C03A68F49EB} = {ACCC6F49-7E06-4395-AAF4-3C03A68F49EB}
		{01C3B138-9D45-4ED6-A763-893C067262C2} = {01C3B138-9D45-4ED6-A763-893C067262C2}
	EndProjectSection
EndProject
Project("{8BC9CEB8-8B4A-11D0-8D11-00A0C91BC942}") = "models", "models\models.vcproj", "{DE7E8FF8-0F5D-4062-A5C0-CFA3502E7A5A}"
EndProject
Project("{8BC9CEB8-8B4A-11D0-8D11-00A0C91BC942}") = "console-client", "console_client\console_client.vcproj", "{226D42CE-5833-444E-94FA-84C1D51892A8}"
EndProject
Project("{8BC9CEB8-8B4A-11D0-8D11-00A0C91BC942}") = "console-server", "console_server\console_server.vcproj", "{B37FE734-01F4-4799-86B2-D084820715BE}"
EndProject
Project("{8BC9CEB8-8B4A-11D0-8D11-00A0C91BC942}") = "qfbsp", "qfbsp\qfbsp.vcproj", "{B00D4025-0437-4FF2-BD0E-D2AE6CF82AC2}"
	ProjectSection(ProjectDependencies) = postProject
		{ACCC6F49-7E06-4395-AAF4-3C03A68F49EB} = {ACCC6F49-7E06-4395-AAF4-3C03A68F49EB}
	EndProjectSection
EndProject
Project("{8BC9CEB8-8B4A-11D0-8D11-00A0C91BC942}") = "qflight", "qflight\qflight.vcproj", "{5E7E6110-89E8-4797-A8E3-EBEF0EF5CAF2}"
	ProjectSection(ProjectDependencies) = postProject
		{ACCC6F49-7E06-4395-AAF4-3C03A68F49EB} = {ACCC6F49-7E06-4395-AAF4-3C03A68F49EB}
	EndProjectSection
EndProject
Project("{8BC9CEB8-8B4A-11D0-8D11-00A0C91BC942}") = "qfvis", "qfvis\qfvis.vcproj", "{E5D842C5-669F-4FC7-A5E0-44B562F86435}"
	ProjectSection(ProjectDependencies) = postProject
		{ACCC6F49-7E06-4395-AAF4-3C03A68F49EB} = {ACCC6F49-7E06-4395-AAF4-3C03A68F49EB}
	EndProjectSection
EndProject
Project("{8BC9CEB8-8B4A-11D0-8D11-00A0C91BC942}") = "qw-master", "qw-master\qw-master.vcproj", "{445A2500-3BBC-449A-A929-C419C2A16051}"
	ProjectSection(ProjectDependencies) = postProject
		{B37FE734-01F4-4799-86B2-D084820715BE} = {B37FE734-01F4-4799-86B2-D084820715BE}
		{ACCC6F49-7E06-4395-AAF4-3C03A68F49EB} = {ACCC6F49-7E06-4395-AAF4-3C03A68F49EB}
		{ED4AFBF5-C247-4352-966D-048B8998C6A1} = {ED4AFBF5-C247-4352-966D-048B8998C6A1}
		{6540C00F-C5EF-4C8B-824D-F2B7B302F0E0} = {6540C00F-C5EF-4C8B-824D-F2B7B302F0E0}
	EndProjectSection
EndProject
Project("{8BC9CEB8-8B4A-11D0-8D11-00A0C91BC942}") = "qfmodelgen", "qfmodelgen\qfmodelgen.vcproj", "{052C34FE-C9E2-43ED-95DA-FB3F27B44E37}"
	ProjectSection(ProjectDependencies) = postProject
		{ACCC6F49-7E06-4395-AAF4-3C03A68F49EB} = {ACCC6F49-7E06-4395-AAF4-3C03A68F49EB}
	EndProjectSection
EndProject
Project("{8BC9CEB8-8B4A-11D0-8D11-00A0C91BC942}") = "qfprogs", "qfprogs\qfprogs.vcproj", "{5FA27C8E-51B1-445A-A375-FBE74F0984B1}"
	ProjectSection(ProjectDependencies) = postProject
		{ACCC6F49-7E06-4395-AAF4-3C03A68F49EB} = {ACCC6F49-7E06-4395-AAF4-3C03A68F49EB}
		{2626C0E1-6F5C-47D3-B80D-93942D766DD7} = {2626C0E1-6F5C-47D3-B80D-93942D766DD7}
	EndProjectSection
EndProject
Project("{8BC9CEB8-8B4A-11D0-8D11-00A0C91BC942}") = "qfwavinfo", "qfwavinfo\qfwavinfo.vcproj", "{56BD559B-1590-4FC4-B441-AB1973BAC2BD}"
	ProjectSection(ProjectDependencies) = postProject
		{ACCC6F49-7E06-4395-AAF4-3C03A68F49EB} = {ACCC6F49-7E06-4395-AAF4-3C03A68F49EB}
	EndProjectSection
EndProject
Project("{8BC9CEB8-8B4A-11D0-8D11-00A0C91BC942}") = "wad", "wad\wad.vcproj", "{88422448-C5FB-46F3-A0B3-0811F90E537C}"
	ProjectSection(ProjectDependencies) = postProject
		{ACCC6F49-7E06-4395-AAF4-3C03A68F49EB} = {ACCC6F49-7E06-4395-AAF4-3C03A68F49EB}
		{5203F034-0047-4EC0-B7E9-D037FAF5D536} = {5203F034-0047-4EC0-B7E9-D037FAF5D536}
	EndProjectSection
EndProject
Project("{8BC9CEB8-8B4A-11D0-8D11-00A0C91BC942}") = "pak", "pak\pak.vcproj", "{9EE8BD4B-47D3-4AD5-A8B9-831329792A05}"
	ProjectSection(ProjectDependencies) = postProject
		{ACCC6F49-7E06-4395-AAF4-3C03A68F49EB} = {ACCC6F49-7E06-4395-AAF4-3C03A68F49EB}
	EndProjectSection
EndProject
Project("{8BC9CEB8-8B4A-11D0-8D11-00A0C91BC942}") = "bsp2img", "bsp2img\bsp2img.vcproj", "{4605418D-2292-470A-AB18-C2119B016F71}"
	ProjectSection(ProjectDependencies) = postProject
		{5203F034-0047-4EC0-B7E9-D037FAF5D536} = {5203F034-0047-4EC0-B7E9-D037FAF5D536}
		{ACCC6F49-7E06-4395-AAF4-3C03A68F49EB} = {ACCC6F49-7E06-4395-AAF4-3C03A68F49EB}
	EndProjectSection
EndProject
Project("{8BC9CEB8-8B4A-11D0-8D11-00A0C91BC942}") = "qtv", "qtv\qtv.vcproj", "{05E68E3B-5901-43A9-981D-CF392C0F5C6C}"
	ProjectSection(ProjectDependencies) = postProject
		{6540C00F-C5EF-4C8B-824D-F2B7B302F0E0} = {6540C00F-C5EF-4C8B-824D-F2B7B302F0E0}
		{B37FE734-01F4-4799-86B2-D084820715BE} = {B37FE734-01F4-4799-86B2-D084820715BE}
		{ED4AFBF5-C247-4352-966D-048B8998C6A1} = {ED4AFBF5-C247-4352-966D-048B8998C6A1}
		{ACCC6F49-7E06-4395-AAF4-3C03A68F49EB} = {ACCC6F49-7E06-4395-AAF4-3C03A68F49EB}
		{6ADA4322-693A-46BB-897B-17BB5BE9F08C} = {6ADA4322-693A-46BB-897B-17BB5BE9F08C}
	EndProjectSection
EndProject
Project("{8BC9CEB8-8B4A-11D0-8D11-00A0C91BC942}") = "nq-common", "nq-common\nq-common.vcproj", "{6BA39648-5BD0-4B8D-A8DD-8202FBA1AE80}"
EndProject
Project("{8BC9CEB8-8B4A-11D0-8D11-00A0C91BC942}") = "nq-wgl", "nq-wgl\nq-wgl.vcproj", "{1CD1A18B-95D5-4EA4-917C-34B10066BFCC}"
	ProjectSection(ProjectDependencies) = postProject
		{B37FE734-01F4-4799-86B2-D084820715BE} = {B37FE734-01F4-4799-86B2-D084820715BE}
		{178D81A7-F2FB-41D7-B300-9D1A4DE5E137} = {178D81A7-F2FB-41D7-B300-9D1A4DE5E137}
		{155112B9-A8A9-4E06-90F5-4AAAB32B2F70} = {155112B9-A8A9-4E06-90F5-4AAAB32B2F70}
		{C55D5FBF-43A0-4F6C-BCF6-BAE5705C121F} = {C55D5FBF-43A0-4F6C-BCF6-BAE5705C121F}
		{2626C0E1-6F5C-47D3-B80D-93942D766DD7} = {2626C0E1-6F5C-47D3-B80D-93942D766DD7}
		{5203F034-0047-4EC0-B7E9-D037FAF5D536} = {5203F034-0047-4EC0-B7E9-D037FAF5D536}
		{01C3B138-9D45-4ED6-A763-893C067262C2} = {01C3B138-9D45-4ED6-A763-893C067262C2}
		{6BA39648-5BD0-4B8D-A8DD-8202FBA1AE80} = {6BA39648-5BD0-4B8D-A8DD-8202FBA1AE80}
		{ACCC6F49-7E06-4395-AAF4-3C03A68F49EB} = {ACCC6F49-7E06-4395-AAF4-3C03A68F49EB}
		{04FA9D77-E45F-4917-B972-B353BA6A6FA8} = {04FA9D77-E45F-4917-B972-B353BA6A6FA8}
		{E7B3D07D-2FE8-481B-8DAB-6255A412A42F} = {E7B3D07D-2FE8-481B-8DAB-6255A412A42F}
		{BF149D97-7520-4788-9CD1-3D99C5C8150F} = {BF149D97-7520-4788-9CD1-3D99C5C8150F}
		{226D42CE-5833-444E-94FA-84C1D51892A8} = {226D42CE-5833-444E-94FA-84C1D51892A8}
		{51028ACF-53D4-4478-8500-55E6B8A81375} = {51028ACF-53D4-4478-8500-55E6B8A81375}
		{ED4AFBF5-C247-4352-966D-048B8998C6A1} = {ED4AFBF5-C247-4352-966D-048B8998C6A1}
		{053E1EE2-75B4-4D9A-B8AE-89600BCB60A5} = {053E1EE2-75B4-4D9A-B8AE-89600BCB60A5}
		{1311DEDF-B04C-4E96-BFDC-5D9FA0B05AC7} = {1311DEDF-B04C-4E96-BFDC-5D9FA0B05AC7}
	EndProjectSection
EndProject
Project("{8BC9CEB8-8B4A-11D0-8D11-00A0C91BC942}") = "net-main", "net-main\net-main.vcproj", "{053E1EE2-75B4-4D9A-B8AE-89600BCB60A5}"
EndProject
Project("{8BC9CEB8-8B4A-11D0-8D11-00A0C91BC942}") = "nq-server", "nq-server\nq-server.vcproj", "{231C032C-DE16-459A-8E7D-6509C2EC3998}"
	ProjectSection(ProjectDependencies) = postProject
		{B37FE734-01F4-4799-86B2-D084820715BE} = {B37FE734-01F4-4799-86B2-D084820715BE}
		{01C3B138-9D45-4ED6-A763-893C067262C2} = {01C3B138-9D45-4ED6-A763-893C067262C2}
		{6BA39648-5BD0-4B8D-A8DD-8202FBA1AE80} = {6BA39648-5BD0-4B8D-A8DD-8202FBA1AE80}
		{ACCC6F49-7E06-4395-AAF4-3C03A68F49EB} = {ACCC6F49-7E06-4395-AAF4-3C03A68F49EB}
		{04FA9D77-E45F-4917-B972-B353BA6A6FA8} = {04FA9D77-E45F-4917-B972-B353BA6A6FA8}
		{51028ACF-53D4-4478-8500-55E6B8A81375} = {51028ACF-53D4-4478-8500-55E6B8A81375}
		{2626C0E1-6F5C-47D3-B80D-93942D766DD7} = {2626C0E1-6F5C-47D3-B80D-93942D766DD7}
		{053E1EE2-75B4-4D9A-B8AE-89600BCB60A5} = {053E1EE2-75B4-4D9A-B8AE-89600BCB60A5}
		{ED4AFBF5-C247-4352-966D-048B8998C6A1} = {ED4AFBF5-C247-4352-966D-048B8998C6A1}
		{DE7E8FF8-0F5D-4062-A5C0-CFA3502E7A5A} = {DE7E8FF8-0F5D-4062-A5C0-CFA3502E7A5A}
	EndProjectSection
EndProject
Project("{8BC9CEB8-8B4A-11D0-8D11-00A0C91BC942}") = "hw-master", "hw-master\hw-master.vcproj", "{419FEFBE-D9D5-4149-974B-0FFFC8D0D93F}"
	ProjectSection(ProjectDependencies) = postProject
		{ED4AFBF5-C247-4352-966D-048B8998C6A1} = {ED4AFBF5-C247-4352-966D-048B8998C6A1}
		{ACCC6F49-7E06-4395-AAF4-3C03A68F49EB} = {ACCC6F49-7E06-4395-AAF4-3C03A68F49EB}
		{B37FE734-01F4-4799-86B2-D084820715BE} = {B37FE734-01F4-4799-86B2-D084820715BE}
		{6540C00F-C5EF-4C8B-824D-F2B7B302F0E0} = {6540C00F-C5EF-4C8B-824D-F2B7B302F0E0}
	EndProjectSection
EndProject
Project("{2150E333-8FDC-42A3-9474-1A3956D46DE8}") = "Libraries", "Libraries", "{3CDA2798-7565-47C5-B972-F9E63DBEFFFA}"
EndProject
Project("{8BC9CEB8-8B4A-11D0-8D11-00A0C91BC942}") = "qfcc", "qfcc\qfcc.vcproj", "{40639893-4D75-48CD-811F-4B363CC71FFA}"
	ProjectSection(ProjectDependencies) = postProject
		{2626C0E1-6F5C-47D3-B80D-93942D766DD7} = {2626C0E1-6F5C-47D3-B80D-93942D766DD7}
		{ACCC6F49-7E06-4395-AAF4-3C03A68F49EB} = {ACCC6F49-7E06-4395-AAF4-3C03A68F49EB}
	EndProjectSection
EndProject
Project("{8BC9CEB8-8B4A-11D0-8D11-00A0C91BC942}") = "qw-client-wgl", "qw-client-wgl\qw-client-wgl.vcproj", "{5FD733BF-B3C6-4A96-BED7-35E2484448E1}"
	ProjectSection(ProjectDependencies) = postProject
		{04FA9D77-E45F-4917-B972-B353BA6A6FA8} = {04FA9D77-E45F-4917-B972-B353BA6A6FA8}
		{226D42CE-5833-444E-94FA-84C1D51892A8} = {226D42CE-5833-444E-94FA-84C1D51892A8}
		{1311DEDF-B04C-4E96-BFDC-5D9FA0B05AC7} = {1311DEDF-B04C-4E96-BFDC-5D9FA0B05AC7}
		{2626C0E1-6F5C-47D3-B80D-93942D766DD7} = {2626C0E1-6F5C-47D3-B80D-93942D766DD7}
		{ED4AFBF5-C247-4352-966D-048B8998C6A1} = {ED4AFBF5-C247-4352-966D-048B8998C6A1}
		{51028ACF-53D4-4478-8500-55E6B8A81375} = {51028ACF-53D4-4478-8500-55E6B8A81375}
		{BF149D97-7520-4788-9CD1-3D99C5C8150F} = {BF149D97-7520-4788-9CD1-3D99C5C8150F}
		{ACCC6F49-7E06-4395-AAF4-3C03A68F49EB} = {ACCC6F49-7E06-4395-AAF4-3C03A68F49EB}
		{E7B3D07D-2FE8-481B-8DAB-6255A412A42F} = {E7B3D07D-2FE8-481B-8DAB-6255A412A42F}
		{9A942925-61E6-4975-935A-5D62E8248E64} = {9A942925-61E6-4975-935A-5D62E8248E64}
		{6ADA4322-693A-46BB-897B-17BB5BE9F08C} = {6ADA4322-693A-46BB-897B-17BB5BE9F08C}
		{BC1F021A-1EEC-4A7A-B746-5AA6048E478C} = {BC1F021A-1EEC-4A7A-B746-5AA6048E478C}
		{6540C00F-C5EF-4C8B-824D-F2B7B302F0E0} = {6540C00F-C5EF-4C8B-824D-F2B7B302F0E0}
		{C55D5FBF-43A0-4F6C-BCF6-BAE5705C121F} = {C55D5FBF-43A0-4F6C-BCF6-BAE5705C121F}
		{5203F034-0047-4EC0-B7E9-D037FAF5D536} = {5203F034-0047-4EC0-B7E9-D037FAF5D536}
		{178D81A7-F2FB-41D7-B300-9D1A4DE5E137} = {178D81A7-F2FB-41D7-B300-9D1A4DE5E137}
		{01C3B138-9D45-4ED6-A763-893C067262C2} = {01C3B138-9D45-4ED6-A763-893C067262C2}
	EndProjectSection
EndProject
Project("{8BC9CEB8-8B4A-11D0-8D11-00A0C91BC942}") = "qw-client-sgl", "qw-client-sgl\qw-client-sgl.vcproj", "{649C4168-1C65-4E41-818F-85A1C52C1B8F}"
	ProjectSection(ProjectDependencies) = postProject
		{5203F034-0047-4EC0-B7E9-D037FAF5D536} = {5203F034-0047-4EC0-B7E9-D037FAF5D536}
		{01C3B138-9D45-4ED6-A763-893C067262C2} = {01C3B138-9D45-4ED6-A763-893C067262C2}
		{04FA9D77-E45F-4917-B972-B353BA6A6FA8} = {04FA9D77-E45F-4917-B972-B353BA6A6FA8}
		{E7B3D07D-2FE8-481B-8DAB-6255A412A42F} = {E7B3D07D-2FE8-481B-8DAB-6255A412A42F}
		{ACCC6F49-7E06-4395-AAF4-3C03A68F49EB} = {ACCC6F49-7E06-4395-AAF4-3C03A68F49EB}
		{BF149D97-7520-4788-9CD1-3D99C5C8150F} = {BF149D97-7520-4788-9CD1-3D99C5C8150F}
		{226D42CE-5833-444E-94FA-84C1D51892A8} = {226D42CE-5833-444E-94FA-84C1D51892A8}
		{51028ACF-53D4-4478-8500-55E6B8A81375} = {51028ACF-53D4-4478-8500-55E6B8A81375}
		{BC1F021A-1EEC-4A7A-B746-5AA6048E478C} = {BC1F021A-1EEC-4A7A-B746-5AA6048E478C}
		{9A942925-61E6-4975-935A-5D62E8248E64} = {9A942925-61E6-4975-935A-5D62E8248E64}
		{6ADA4322-693A-46BB-897B-17BB5BE9F08C} = {6ADA4322-693A-46BB-897B-17BB5BE9F08C}
		{1311DEDF-B04C-4E96-BFDC-5D9FA0B05AC7} = {1311DEDF-B04C-4E96-BFDC-5D9FA0B05AC7}
		{2626C0E1-6F5C-47D3-B80D-93942D766DD7} = {2626C0E1-6F5C-47D3-B80D-93942D766DD7}
		{ED4AFBF5-C247-4352-966D-048B8998C6A1} = {ED4AFBF5-C247-4352-966D-048B8998C6A1}
		{C55D5FBF-43A0-4F6C-BCF6-BAE5705C121F} = {C55D5FBF-43A0-4F6C-BCF6-BAE5705C121F}
		{44A18410-3AA8-4A64-935B-D20223AD6885} = {44A18410-3AA8-4A64-935B-D20223AD6885}
		{7E30C3B1-AEE7-483D-B231-C672365CD2D7} = {7E30C3B1-AEE7-483D-B231-C672365CD2D7}
		{6540C00F-C5EF-4C8B-824D-F2B7B302F0E0} = {6540C00F-C5EF-4C8B-824D-F2B7B302F0E0}
	EndProjectSection
EndProject
Project("{8BC9CEB8-8B4A-11D0-8D11-00A0C91BC942}") = "video-gl", "videogl\videogl.vcproj", "{C55D5FBF-43A0-4F6C-BCF6-BAE5705C121F}"
EndProject
Project("{8BC9CEB8-8B4A-11D0-8D11-00A0C91BC942}") = "video-sdl", "video-sdl\video-sdl.vcproj", "{44A18410-3AA8-4A64-935B-D20223AD6885}"
EndProject
Project("{8BC9CEB8-8B4A-11D0-8D11-00A0C91BC942}") = "qw-client-sdl", "qw-client-sdl\qw-client-sdl.vcproj", "{B44CB3E0-F2FD-4260-A632-C01FB881613E}"
	ProjectSection(ProjectDependencies) = postProject
		{66D3A191-E4D5-45F3-86BD-EFBB249CD554} = {66D3A191-E4D5-45F3-86BD-EFBB249CD554}
		{6540C00F-C5EF-4C8B-824D-F2B7B302F0E0} = {6540C00F-C5EF-4C8B-824D-F2B7B302F0E0}
		{44A18410-3AA8-4A64-935B-D20223AD6885} = {44A18410-3AA8-4A64-935B-D20223AD6885}
		{BC1F021A-1EEC-4A7A-B746-5AA6048E478C} = {BC1F021A-1EEC-4A7A-B746-5AA6048E478C}
		{6ADA4322-693A-46BB-897B-17BB5BE9F08C} = {6ADA4322-693A-46BB-897B-17BB5BE9F08C}
		{9A942925-61E6-4975-935A-5D62E8248E64} = {9A942925-61E6-4975-935A-5D62E8248E64}
		{5203F034-0047-4EC0-B7E9-D037FAF5D536} = {5203F034-0047-4EC0-B7E9-D037FAF5D536}
		{01C3B138-9D45-4ED6-A763-893C067262C2} = {01C3B138-9D45-4ED6-A763-893C067262C2}
		{ACCC6F49-7E06-4395-AAF4-3C03A68F49EB} = {ACCC6F49-7E06-4395-AAF4-3C03A68F49EB}
		{04FA9D77-E45F-4917-B972-B353BA6A6FA8} = {04FA9D77-E45F-4917-B972-B353BA6A6FA8}
		{E7B3D07D-2FE8-481B-8DAB-6255A412A42F} = {E7B3D07D-2FE8-481B-8DAB-6255A412A42F}
		{BF149D97-7520-4788-9CD1-3D99C5C8150F} = {BF149D97-7520-4788-9CD1-3D99C5C8150F}
		{226D42CE-5833-444E-94FA-84C1D51892A8} = {226D42CE-5833-444E-94FA-84C1D51892A8}
		{2626C0E1-6F5C-47D3-B80D-93942D766DD7} = {2626C0E1-6F5C-47D3-B80D-93942D766DD7}
		{ED4AFBF5-C247-4352-966D-048B8998C6A1} = {ED4AFBF5-C247-4352-966D-048B8998C6A1}
		{51028ACF-53D4-4478-8500-55E6B8A81375} = {51028ACF-53D4-4478-8500-55E6B8A81375}
		{F4A9881E-0EB0-44A1-9664-B6CBDE992861} = {F4A9881E-0EB0-44A1-9664-B6CBDE992861}
	EndProjectSection
EndProject
Project("{8BC9CEB8-8B4A-11D0-8D11-00A0C91BC942}") = "models-sw", "models-sw\models-sw.vcproj", "{F4A9881E-0EB0-44A1-9664-B6CBDE992861}"
EndProject
Project("{8BC9CEB8-8B4A-11D0-8D11-00A0C91BC942}") = "video-sw", "video-sw\video-sw.vcproj", "{66D3A191-E4D5-45F3-86BD-EFBB249CD554}"
EndProject
Project("{8BC9CEB8-8B4A-11D0-8D11-00A0C91BC942}") = "qw-client-sdl32", "qw-client-sdl32\qw-client-sdl32.vcproj", "{CBD0DD82-4DC7-4398-AF32-FD7BFFA3C2D5}"
	ProjectSection(ProjectDependencies) = postProject
		{6540C00F-C5EF-4C8B-824D-F2B7B302F0E0} = {6540C00F-C5EF-4C8B-824D-F2B7B302F0E0}
		{44A18410-3AA8-4A64-935B-D20223AD6885} = {44A18410-3AA8-4A64-935B-D20223AD6885}
		{BC1F021A-1EEC-4A7A-B746-5AA6048E478C} = {BC1F021A-1EEC-4A7A-B746-5AA6048E478C}
		{F4A9881E-0EB0-44A1-9664-B6CBDE992861} = {F4A9881E-0EB0-44A1-9664-B6CBDE992861}
		{6ADA4322-693A-46BB-897B-17BB5BE9F08C} = {6ADA4322-693A-46BB-897B-17BB5BE9F08C}
		{9A942925-61E6-4975-935A-5D62E8248E64} = {9A942925-61E6-4975-935A-5D62E8248E64}
		{5203F034-0047-4EC0-B7E9-D037FAF5D536} = {5203F034-0047-4EC0-B7E9-D037FAF5D536}
		{01C3B138-9D45-4ED6-A763-893C067262C2} = {01C3B138-9D45-4ED6-A763-893C067262C2}
		{ACCC6F49-7E06-4395-AAF4-3C03A68F49EB} = {ACCC6F49-7E06-4395-AAF4-3C03A68F49EB}
		{04FA9D77-E45F-4917-B972-B353BA6A6FA8} = {04FA9D77-E45F-4917-B972-B353BA6A6FA8}
		{E7B3D07D-2FE8-481B-8DAB-6255A412A42F} = {E7B3D07D-2FE8-481B-8DAB-6255A412A42F}
		{D5B9558F-EF25-4167-ACE4-723C7413B390} = {D5B9558F-EF25-4167-ACE4-723C7413B390}
		{BF149D97-7520-4788-9CD1-3D99C5C8150F} = {BF149D97-7520-4788-9CD1-3D99C5C8150F}
		{226D42CE-5833-444E-94FA-84C1D51892A8} = {226D42CE-5833-444E-94FA-84C1D51892A8}
		{51028ACF-53D4-4478-8500-55E6B8A81375} = {51028ACF-53D4-4478-8500-55E6B8A81375}
		{2626C0E1-6F5C-47D3-B80D-93942D766DD7} = {2626C0E1-6F5C-47D3-B80D-93942D766DD7}
		{ED4AFBF5-C247-4352-966D-048B8998C6A1} = {ED4AFBF5-C247-4352-966D-048B8998C6A1}
	EndProjectSection
EndProject
Project("{8BC9CEB8-8B4A-11D0-8D11-00A0C91BC942}") = "video-sw32", "video-sw32\video-sw32.vcproj", "{D5B9558F-EF25-4167-ACE4-723C7413B390}"
EndProject
Project("{8BC9CEB8-8B4A-11D0-8D11-00A0C91BC942}") = "nq", "nq\nq.vcproj", "{155112B9-A8A9-4E06-90F5-4AAAB32B2F70}"
EndProject
Project("{8BC9CEB8-8B4A-11D0-8D11-00A0C91BC942}") = "video-wgl", "video-wgl\video-wgl.vcproj", "{178D81A7-F2FB-41D7-B300-9D1A4DE5E137}"
EndProject
Project("{8BC9CEB8-8B4A-11D0-8D11-00A0C91BC942}") = "video-sgl", "video-sgl\video-sgl.vcproj", "{7E30C3B1-AEE7-483D-B231-C672365CD2D7}"
EndProject
Project("{8BC9CEB8-8B4A-11D0-8D11-00A0C91BC942}") = "nq-sgl", "nq-sgl\nq-sgl.vcproj", "{2E26DB8B-9E37-4072-B397-8A7086E0ACD0}"
	ProjectSection(ProjectDependencies) = postProject
		{B37FE734-01F4-4799-86B2-D084820715BE} = {B37FE734-01F4-4799-86B2-D084820715BE}
		{5203F034-0047-4EC0-B7E9-D037FAF5D536} = {5203F034-0047-4EC0-B7E9-D037FAF5D536}
		{01C3B138-9D45-4ED6-A763-893C067262C2} = {01C3B138-9D45-4ED6-A763-893C067262C2}
		{6BA39648-5BD0-4B8D-A8DD-8202FBA1AE80} = {6BA39648-5BD0-4B8D-A8DD-8202FBA1AE80}
		{04FA9D77-E45F-4917-B972-B353BA6A6FA8} = {04FA9D77-E45F-4917-B972-B353BA6A6FA8}
		{7E30C3B1-AEE7-483D-B231-C672365CD2D7} = {7E30C3B1-AEE7-483D-B231-C672365CD2D7}
		{44A18410-3AA8-4A64-935B-D20223AD6885} = {44A18410-3AA8-4A64-935B-D20223AD6885}
		{155112B9-A8A9-4E06-90F5-4AAAB32B2F70} = {155112B9-A8A9-4E06-90F5-4AAAB32B2F70}
		{C55D5FBF-43A0-4F6C-BCF6-BAE5705C121F} = {C55D5FBF-43A0-4F6C-BCF6-BAE5705C121F}
		{E7B3D07D-2FE8-481B-8DAB-6255A412A42F} = {E7B3D07D-2FE8-481B-8DAB-6255A412A42F}
		{ACCC6F49-7E06-4395-AAF4-3C03A68F49EB} = {ACCC6F49-7E06-4395-AAF4-3C03A68F49EB}
		{BF149D97-7520-4788-9CD1-3D99C5C8150F} = {BF149D97-7520-4788-9CD1-3D99C5C8150F}
		{51028ACF-53D4-4478-8500-55E6B8A81375} = {51028ACF-53D4-4478-8500-55E6B8A81375}
		{226D42CE-5833-444E-94FA-84C1D51892A8} = {226D42CE-5833-444E-94FA-84C1D51892A8}
		{2626C0E1-6F5C-47D3-B80D-93942D766DD7} = {2626C0E1-6F5C-47D3-B80D-93942D766DD7}
		{053E1EE2-75B4-4D9A-B8AE-89600BCB60A5} = {053E1EE2-75B4-4D9A-B8AE-89600BCB60A5}
		{ED4AFBF5-C247-4352-966D-048B8998C6A1} = {ED4AFBF5-C247-4352-966D-048B8998C6A1}
		{1311DEDF-B04C-4E96-BFDC-5D9FA0B05AC7} = {1311DEDF-B04C-4E96-BFDC-5D9FA0B05AC7}
	EndProjectSection
EndProject
Project("{8BC9CEB8-8B4A-11D0-8D11-00A0C91BC942}") = "nq-sdl", "nq-sdl\nq-sdl.vcproj", "{2736D4F9-EA8B-4ADF-B2D9-B705FF288A8A}"
	ProjectSection(ProjectDependencies) = postProject
		{ED4AFBF5-C247-4352-966D-048B8998C6A1} = {ED4AFBF5-C247-4352-966D-048B8998C6A1}
		{053E1EE2-75B4-4D9A-B8AE-89600BCB60A5} = {053E1EE2-75B4-4D9A-B8AE-89600BCB60A5}
		{2626C0E1-6F5C-47D3-B80D-93942D766DD7} = {2626C0E1-6F5C-47D3-B80D-93942D766DD7}
		{51028ACF-53D4-4478-8500-55E6B8A81375} = {51028ACF-53D4-4478-8500-55E6B8A81375}
		{226D42CE-5833-444E-94FA-84C1D51892A8} = {226D42CE-5833-444E-94FA-84C1D51892A8}
		{155112B9-A8A9-4E06-90F5-4AAAB32B2F70} = {155112B9-A8A9-4E06-90F5-4AAAB32B2F70}
		{BF149D97-7520-4788-9CD1-3D99C5C8150F} = {BF149D97-7520-4788-9CD1-3D99C5C8150F}
		{66D3A191-E4D5-45F3-86BD-EFBB249CD554} = {66D3A191-E4D5-45F3-86BD-EFBB249CD554}
		{E7B3D07D-2FE8-481B-8DAB-6255A412A42F} = {E7B3D07D-2FE8-481B-8DAB-6255A412A42F}
		{04FA9D77-E45F-4917-B972-B353BA6A6FA8} = {04FA9D77-E45F-4917-B972-B353BA6A6FA8}
		{ACCC6F49-7E06-4395-AAF4-3C03A68F49EB} = {ACCC6F49-7E06-4395-AAF4-3C03A68F49EB}
		{6BA39648-5BD0-4B8D-A8DD-8202FBA1AE80} = {6BA39648-5BD0-4B8D-A8DD-8202FBA1AE80}
		{01C3B138-9D45-4ED6-A763-893C067262C2} = {01C3B138-9D45-4ED6-A763-893C067262C2}
		{5203F034-0047-4EC0-B7E9-D037FAF5D536} = {5203F034-0047-4EC0-B7E9-D037FAF5D536}
		{B37FE734-01F4-4799-86B2-D084820715BE} = {B37FE734-01F4-4799-86B2-D084820715BE}
		{F4A9881E-0EB0-44A1-9664-B6CBDE992861} = {F4A9881E-0EB0-44A1-9664-B6CBDE992861}
		{44A18410-3AA8-4A64-935B-D20223AD6885} = {44A18410-3AA8-4A64-935B-D20223AD6885}
	EndProjectSection
EndProject
Project("{8BC9CEB8-8B4A-11D0-8D11-00A0C91BC942}") = "nq-sdl32", "nq-sdl32\nq-sdl32.vcproj", "{2CEB1965-A89C-4422-A9AC-B30FCE7913C3}"
	ProjectSection(ProjectDependencies) = postProject
		{44A18410-3AA8-4A64-935B-D20223AD6885} = {44A18410-3AA8-4A64-935B-D20223AD6885}
		{F4A9881E-0EB0-44A1-9664-B6CBDE992861} = {F4A9881E-0EB0-44A1-9664-B6CBDE992861}
		{B37FE734-01F4-4799-86B2-D084820715BE} = {B37FE734-01F4-4799-86B2-D084820715BE}
		{5203F034-0047-4EC0-B7E9-D037FAF5D536} = {5203F034-0047-4EC0-B7E9-D037FAF5D536}
		{01C3B138-9D45-4ED6-A763-893C067262C2} = {01C3B138-9D45-4ED6-A763-893C067262C2}
		{6BA39648-5BD0-4B8D-A8DD-8202FBA1AE80} = {6BA39648-5BD0-4B8D-A8DD-8202FBA1AE80}
		{ACCC6F49-7E06-4395-AAF4-3C03A68F49EB} = {ACCC6F49-7E06-4395-AAF4-3C03A68F49EB}
		{04FA9D77-E45F-4917-B972-B353BA6A6FA8} = {04FA9D77-E45F-4917-B972-B353BA6A6FA8}
		{E7B3D07D-2FE8-481B-8DAB-6255A412A42F} = {E7B3D07D-2FE8-481B-8DAB-6255A412A42F}
		{D5B9558F-EF25-4167-ACE4-723C7413B390} = {D5B9558F-EF25-4167-ACE4-723C7413B390}
		{BF149D97-7520-4788-9CD1-3D99C5C8150F} = {BF149D97-7520-4788-9CD1-3D99C5C8150F}
		{155112B9-A8A9-4E06-90F5-4AAAB32B2F70} = {155112B9-A8A9-4E06-90F5-4AAAB32B2F70}
		{226D42CE-5833-444E-94FA-84C1D51892A8} = {226D42CE-5833-444E-94FA-84C1D51892A8}
		{51028ACF-53D4-4478-8500-55E6B8A81375} = {51028ACF-53D4-4478-8500-55E6B8A81375}
		{2626C0E1-6F5C-47D3-B80D-93942D766DD7} = {2626C0E1-6F5C-47D3-B80D-93942D766DD7}
		{053E1EE2-75B4-4D9A-B8AE-89600BCB60A5} = {053E1EE2-75B4-4D9A-B8AE-89600BCB60A5}
		{ED4AFBF5-C247-4352-966D-048B8998C6A1} = {ED4AFBF5-C247-4352-966D-048B8998C6A1}
	EndProjectSection
EndProject
Global
	GlobalSection(SolutionConfigurationPlatforms) = preSolution
		Debug|Win32 = Debug|Win32
		Debug|x64 = Debug|x64
		Release (static)|Win32 = Release (static)|Win32
		Release (static)|x64 = Release (static)|x64
		Release|Win32 = Release|Win32
		Release|x64 = Release|x64
	EndGlobalSection
	GlobalSection(ProjectConfigurationPlatforms) = postSolution
		{9A942925-61E6-4975-935A-5D62E8248E64}.Debug|Win32.ActiveCfg = Debug|Win32
		{9A942925-61E6-4975-935A-5D62E8248E64}.Debug|Win32.Build.0 = Debug|Win32
		{9A942925-61E6-4975-935A-5D62E8248E64}.Debug|x64.ActiveCfg = Debug|x64
		{9A942925-61E6-4975-935A-5D62E8248E64}.Debug|x64.Build.0 = Debug|x64
		{9A942925-61E6-4975-935A-5D62E8248E64}.Release (static)|Win32.ActiveCfg = Release (static)|Win32
		{9A942925-61E6-4975-935A-5D62E8248E64}.Release (static)|Win32.Build.0 = Release (static)|Win32
		{9A942925-61E6-4975-935A-5D62E8248E64}.Release (static)|x64.ActiveCfg = Release (static)|x64
		{9A942925-61E6-4975-935A-5D62E8248E64}.Release (static)|x64.Build.0 = Release (static)|x64
		{9A942925-61E6-4975-935A-5D62E8248E64}.Release|Win32.ActiveCfg = Release|Win32
		{9A942925-61E6-4975-935A-5D62E8248E64}.Release|Win32.Build.0 = Release|Win32
		{9A942925-61E6-4975-935A-5D62E8248E64}.Release|x64.ActiveCfg = Release|x64
		{9A942925-61E6-4975-935A-5D62E8248E64}.Release|x64.Build.0 = Release|x64
		{6ADA4322-693A-46BB-897B-17BB5BE9F08C}.Debug|Win32.ActiveCfg = Debug|Win32
		{6ADA4322-693A-46BB-897B-17BB5BE9F08C}.Debug|Win32.Build.0 = Debug|Win32
		{6ADA4322-693A-46BB-897B-17BB5BE9F08C}.Debug|x64.ActiveCfg = Debug|x64
		{6ADA4322-693A-46BB-897B-17BB5BE9F08C}.Debug|x64.Build.0 = Debug|x64
		{6ADA4322-693A-46BB-897B-17BB5BE9F08C}.Release (static)|Win32.ActiveCfg = Release (static)|Win32
		{6ADA4322-693A-46BB-897B-17BB5BE9F08C}.Release (static)|Win32.Build.0 = Release (static)|Win32
		{6ADA4322-693A-46BB-897B-17BB5BE9F08C}.Release (static)|x64.ActiveCfg = Release (static)|x64
		{6ADA4322-693A-46BB-897B-17BB5BE9F08C}.Release (static)|x64.Build.0 = Release (static)|x64
		{6ADA4322-693A-46BB-897B-17BB5BE9F08C}.Release|Win32.ActiveCfg = Release|Win32
		{6ADA4322-693A-46BB-897B-17BB5BE9F08C}.Release|Win32.Build.0 = Release|Win32
		{6ADA4322-693A-46BB-897B-17BB5BE9F08C}.Release|x64.ActiveCfg = Release|x64
		{6ADA4322-693A-46BB-897B-17BB5BE9F08C}.Release|x64.Build.0 = Release|x64
		{6540C00F-C5EF-4C8B-824D-F2B7B302F0E0}.Debug|Win32.ActiveCfg = Debug|Win32
		{6540C00F-C5EF-4C8B-824D-F2B7B302F0E0}.Debug|Win32.Build.0 = Debug|Win32
		{6540C00F-C5EF-4C8B-824D-F2B7B302F0E0}.Debug|x64.ActiveCfg = Debug|x64
		{6540C00F-C5EF-4C8B-824D-F2B7B302F0E0}.Debug|x64.Build.0 = Debug|x64
		{6540C00F-C5EF-4C8B-824D-F2B7B302F0E0}.Release (static)|Win32.ActiveCfg = Release (static)|Win32
		{6540C00F-C5EF-4C8B-824D-F2B7B302F0E0}.Release (static)|Win32.Build.0 = Release (static)|Win32
		{6540C00F-C5EF-4C8B-824D-F2B7B302F0E0}.Release (static)|x64.ActiveCfg = Release (static)|x64
		{6540C00F-C5EF-4C8B-824D-F2B7B302F0E0}.Release (static)|x64.Build.0 = Release (static)|x64
		{6540C00F-C5EF-4C8B-824D-F2B7B302F0E0}.Release|Win32.ActiveCfg = Release|Win32
		{6540C00F-C5EF-4C8B-824D-F2B7B302F0E0}.Release|Win32.Build.0 = Release|Win32
		{6540C00F-C5EF-4C8B-824D-F2B7B302F0E0}.Release|x64.ActiveCfg = Release|x64
		{6540C00F-C5EF-4C8B-824D-F2B7B302F0E0}.Release|x64.Build.0 = Release|x64
		{51028ACF-53D4-4478-8500-55E6B8A81375}.Debug|Win32.ActiveCfg = Debug|Win32
		{51028ACF-53D4-4478-8500-55E6B8A81375}.Debug|Win32.Build.0 = Debug|Win32
		{51028ACF-53D4-4478-8500-55E6B8A81375}.Debug|x64.ActiveCfg = Debug|x64
		{51028ACF-53D4-4478-8500-55E6B8A81375}.Debug|x64.Build.0 = Debug|x64
		{51028ACF-53D4-4478-8500-55E6B8A81375}.Release (static)|Win32.ActiveCfg = Release (static)|Win32
		{51028ACF-53D4-4478-8500-55E6B8A81375}.Release (static)|Win32.Build.0 = Release (static)|Win32
		{51028ACF-53D4-4478-8500-55E6B8A81375}.Release (static)|x64.ActiveCfg = Release (static)|x64
		{51028ACF-53D4-4478-8500-55E6B8A81375}.Release (static)|x64.Build.0 = Release (static)|x64
		{51028ACF-53D4-4478-8500-55E6B8A81375}.Release|Win32.ActiveCfg = Release|Win32
		{51028ACF-53D4-4478-8500-55E6B8A81375}.Release|Win32.Build.0 = Release|Win32
		{51028ACF-53D4-4478-8500-55E6B8A81375}.Release|x64.ActiveCfg = Release|x64
		{51028ACF-53D4-4478-8500-55E6B8A81375}.Release|x64.Build.0 = Release|x64
		{1311DEDF-B04C-4E96-BFDC-5D9FA0B05AC7}.Debug|Win32.ActiveCfg = Debug|Win32
		{1311DEDF-B04C-4E96-BFDC-5D9FA0B05AC7}.Debug|Win32.Build.0 = Debug|Win32
		{1311DEDF-B04C-4E96-BFDC-5D9FA0B05AC7}.Debug|x64.ActiveCfg = Debug|x64
		{1311DEDF-B04C-4E96-BFDC-5D9FA0B05AC7}.Debug|x64.Build.0 = Debug|x64
		{1311DEDF-B04C-4E96-BFDC-5D9FA0B05AC7}.Release (static)|Win32.ActiveCfg = Release (static)|Win32
		{1311DEDF-B04C-4E96-BFDC-5D9FA0B05AC7}.Release (static)|Win32.Build.0 = Release (static)|Win32
		{1311DEDF-B04C-4E96-BFDC-5D9FA0B05AC7}.Release (static)|x64.ActiveCfg = Release (static)|x64
		{1311DEDF-B04C-4E96-BFDC-5D9FA0B05AC7}.Release (static)|x64.Build.0 = Release (static)|x64
		{1311DEDF-B04C-4E96-BFDC-5D9FA0B05AC7}.Release|Win32.ActiveCfg = Release|Win32
		{1311DEDF-B04C-4E96-BFDC-5D9FA0B05AC7}.Release|Win32.Build.0 = Release|Win32
		{1311DEDF-B04C-4E96-BFDC-5D9FA0B05AC7}.Release|x64.ActiveCfg = Release|x64
		{1311DEDF-B04C-4E96-BFDC-5D9FA0B05AC7}.Release|x64.Build.0 = Release|x64
		{ED4AFBF5-C247-4352-966D-048B8998C6A1}.Debug|Win32.ActiveCfg = Debug|Win32
		{ED4AFBF5-C247-4352-966D-048B8998C6A1}.Debug|Win32.Build.0 = Debug|Win32
		{ED4AFBF5-C247-4352-966D-048B8998C6A1}.Debug|x64.ActiveCfg = Debug|x64
		{ED4AFBF5-C247-4352-966D-048B8998C6A1}.Debug|x64.Build.0 = Debug|x64
		{ED4AFBF5-C247-4352-966D-048B8998C6A1}.Release (static)|Win32.ActiveCfg = Release (static)|Win32
		{ED4AFBF5-C247-4352-966D-048B8998C6A1}.Release (static)|Win32.Build.0 = Release (static)|Win32
		{ED4AFBF5-C247-4352-966D-048B8998C6A1}.Release (static)|x64.ActiveCfg = Release (static)|x64
		{ED4AFBF5-C247-4352-966D-048B8998C6A1}.Release (static)|x64.Build.0 = Release (static)|x64
		{ED4AFBF5-C247-4352-966D-048B8998C6A1}.Release|Win32.ActiveCfg = Release|Win32
		{ED4AFBF5-C247-4352-966D-048B8998C6A1}.Release|Win32.Build.0 = Release|Win32
		{ED4AFBF5-C247-4352-966D-048B8998C6A1}.Release|x64.ActiveCfg = Release|x64
		{ED4AFBF5-C247-4352-966D-048B8998C6A1}.Release|x64.Build.0 = Release|x64
		{01C3B138-9D45-4ED6-A763-893C067262C2}.Debug|Win32.ActiveCfg = Debug|Win32
		{01C3B138-9D45-4ED6-A763-893C067262C2}.Debug|Win32.Build.0 = Debug|Win32
		{01C3B138-9D45-4ED6-A763-893C067262C2}.Debug|x64.ActiveCfg = Debug|x64
		{01C3B138-9D45-4ED6-A763-893C067262C2}.Debug|x64.Build.0 = Debug|x64
		{01C3B138-9D45-4ED6-A763-893C067262C2}.Release (static)|Win32.ActiveCfg = Release (static)|Win32
		{01C3B138-9D45-4ED6-A763-893C067262C2}.Release (static)|Win32.Build.0 = Release (static)|Win32
		{01C3B138-9D45-4ED6-A763-893C067262C2}.Release (static)|x64.ActiveCfg = Release (static)|x64
		{01C3B138-9D45-4ED6-A763-893C067262C2}.Release (static)|x64.Build.0 = Release (static)|x64
		{01C3B138-9D45-4ED6-A763-893C067262C2}.Release|Win32.ActiveCfg = Release|Win32
		{01C3B138-9D45-4ED6-A763-893C067262C2}.Release|Win32.Build.0 = Release|Win32
		{01C3B138-9D45-4ED6-A763-893C067262C2}.Release|x64.ActiveCfg = Release|x64
		{01C3B138-9D45-4ED6-A763-893C067262C2}.Release|x64.Build.0 = Release|x64
		{ACCC6F49-7E06-4395-AAF4-3C03A68F49EB}.Debug|Win32.ActiveCfg = Debug|Win32
		{ACCC6F49-7E06-4395-AAF4-3C03A68F49EB}.Debug|Win32.Build.0 = Debug|Win32
		{ACCC6F49-7E06-4395-AAF4-3C03A68F49EB}.Debug|x64.ActiveCfg = Debug|x64
		{ACCC6F49-7E06-4395-AAF4-3C03A68F49EB}.Debug|x64.Build.0 = Debug|x64
		{ACCC6F49-7E06-4395-AAF4-3C03A68F49EB}.Release (static)|Win32.ActiveCfg = Release (static)|Win32
		{ACCC6F49-7E06-4395-AAF4-3C03A68F49EB}.Release (static)|Win32.Build.0 = Release (static)|Win32
		{ACCC6F49-7E06-4395-AAF4-3C03A68F49EB}.Release (static)|x64.ActiveCfg = Release (static)|x64
		{ACCC6F49-7E06-4395-AAF4-3C03A68F49EB}.Release (static)|x64.Build.0 = Release (static)|x64
		{ACCC6F49-7E06-4395-AAF4-3C03A68F49EB}.Release|Win32.ActiveCfg = Release|Win32
		{ACCC6F49-7E06-4395-AAF4-3C03A68F49EB}.Release|Win32.Build.0 = Release|Win32
		{ACCC6F49-7E06-4395-AAF4-3C03A68F49EB}.Release|x64.ActiveCfg = Release|x64
		{ACCC6F49-7E06-4395-AAF4-3C03A68F49EB}.Release|x64.Build.0 = Release|x64
		{2626C0E1-6F5C-47D3-B80D-93942D766DD7}.Debug|Win32.ActiveCfg = Debug|Win32
		{2626C0E1-6F5C-47D3-B80D-93942D766DD7}.Debug|Win32.Build.0 = Debug|Win32
		{2626C0E1-6F5C-47D3-B80D-93942D766DD7}.Debug|x64.ActiveCfg = Debug|x64
		{2626C0E1-6F5C-47D3-B80D-93942D766DD7}.Debug|x64.Build.0 = Debug|x64
		{2626C0E1-6F5C-47D3-B80D-93942D766DD7}.Release (static)|Win32.ActiveCfg = Release (static)|Win32
		{2626C0E1-6F5C-47D3-B80D-93942D766DD7}.Release (static)|Win32.Build.0 = Release (static)|Win32
		{2626C0E1-6F5C-47D3-B80D-93942D766DD7}.Release (static)|x64.ActiveCfg = Release (static)|x64
		{2626C0E1-6F5C-47D3-B80D-93942D766DD7}.Release (static)|x64.Build.0 = Release (static)|x64
		{2626C0E1-6F5C-47D3-B80D-93942D766DD7}.Release|Win32.ActiveCfg = Release|Win32
		{2626C0E1-6F5C-47D3-B80D-93942D766DD7}.Release|Win32.Build.0 = Release|Win32
		{2626C0E1-6F5C-47D3-B80D-93942D766DD7}.Release|x64.ActiveCfg = Release|x64
		{2626C0E1-6F5C-47D3-B80D-93942D766DD7}.Release|x64.Build.0 = Release|x64
		{04FA9D77-E45F-4917-B972-B353BA6A6FA8}.Debug|Win32.ActiveCfg = Debug|Win32
		{04FA9D77-E45F-4917-B972-B353BA6A6FA8}.Debug|Win32.Build.0 = Debug|Win32
		{04FA9D77-E45F-4917-B972-B353BA6A6FA8}.Debug|x64.ActiveCfg = Debug|x64
		{04FA9D77-E45F-4917-B972-B353BA6A6FA8}.Debug|x64.Build.0 = Debug|x64
		{04FA9D77-E45F-4917-B972-B353BA6A6FA8}.Release (static)|Win32.ActiveCfg = Release (static)|Win32
		{04FA9D77-E45F-4917-B972-B353BA6A6FA8}.Release (static)|Win32.Build.0 = Release (static)|Win32
		{04FA9D77-E45F-4917-B972-B353BA6A6FA8}.Release (static)|x64.ActiveCfg = Release (static)|x64
		{04FA9D77-E45F-4917-B972-B353BA6A6FA8}.Release (static)|x64.Build.0 = Release (static)|x64
		{04FA9D77-E45F-4917-B972-B353BA6A6FA8}.Release|Win32.ActiveCfg = Release|Win32
		{04FA9D77-E45F-4917-B972-B353BA6A6FA8}.Release|Win32.Build.0 = Release|Win32
		{04FA9D77-E45F-4917-B972-B353BA6A6FA8}.Release|x64.ActiveCfg = Release|x64
		{04FA9D77-E45F-4917-B972-B353BA6A6FA8}.Release|x64.Build.0 = Release|x64
		{BF149D97-7520-4788-9CD1-3D99C5C8150F}.Debug|Win32.ActiveCfg = Debug|Win32
		{BF149D97-7520-4788-9CD1-3D99C5C8150F}.Debug|Win32.Build.0 = Debug|Win32
		{BF149D97-7520-4788-9CD1-3D99C5C8150F}.Debug|x64.ActiveCfg = Debug|x64
		{BF149D97-7520-4788-9CD1-3D99C5C8150F}.Debug|x64.Build.0 = Debug|x64
		{BF149D97-7520-4788-9CD1-3D99C5C8150F}.Release (static)|Win32.ActiveCfg = Release (static)|Win32
		{BF149D97-7520-4788-9CD1-3D99C5C8150F}.Release (static)|Win32.Build.0 = Release (static)|Win32
		{BF149D97-7520-4788-9CD1-3D99C5C8150F}.Release (static)|x64.ActiveCfg = Release (static)|x64
		{BF149D97-7520-4788-9CD1-3D99C5C8150F}.Release (static)|x64.Build.0 = Release (static)|x64
		{BF149D97-7520-4788-9CD1-3D99C5C8150F}.Release|Win32.ActiveCfg = Release|Win32
		{BF149D97-7520-4788-9CD1-3D99C5C8150F}.Release|Win32.Build.0 = Release|Win32
		{BF149D97-7520-4788-9CD1-3D99C5C8150F}.Release|x64.ActiveCfg = Release|x64
		{BF149D97-7520-4788-9CD1-3D99C5C8150F}.Release|x64.Build.0 = Release|x64
		{5203F034-0047-4EC0-B7E9-D037FAF5D536}.Debug|Win32.ActiveCfg = Debug|Win32
		{5203F034-0047-4EC0-B7E9-D037FAF5D536}.Debug|Win32.Build.0 = Debug|Win32
		{5203F034-0047-4EC0-B7E9-D037FAF5D536}.Debug|x64.ActiveCfg = Debug|x64
		{5203F034-0047-4EC0-B7E9-D037FAF5D536}.Debug|x64.Build.0 = Debug|x64
		{5203F034-0047-4EC0-B7E9-D037FAF5D536}.Release (static)|Win32.ActiveCfg = Release (static)|Win32
		{5203F034-0047-4EC0-B7E9-D037FAF5D536}.Release (static)|Win32.Build.0 = Release (static)|Win32
		{5203F034-0047-4EC0-B7E9-D037FAF5D536}.Release (static)|x64.ActiveCfg = Release (static)|x64
		{5203F034-0047-4EC0-B7E9-D037FAF5D536}.Release (static)|x64.Build.0 = Release (static)|x64
		{5203F034-0047-4EC0-B7E9-D037FAF5D536}.Release|Win32.ActiveCfg = Release|Win32
		{5203F034-0047-4EC0-B7E9-D037FAF5D536}.Release|Win32.Build.0 = Release|Win32
		{5203F034-0047-4EC0-B7E9-D037FAF5D536}.Release|x64.ActiveCfg = Release|x64
		{5203F034-0047-4EC0-B7E9-D037FAF5D536}.Release|x64.Build.0 = Release|x64
		{E7B3D07D-2FE8-481B-8DAB-6255A412A42F}.Debug|Win32.ActiveCfg = Debug|Win32
		{E7B3D07D-2FE8-481B-8DAB-6255A412A42F}.Debug|Win32.Build.0 = Debug|Win32
		{E7B3D07D-2FE8-481B-8DAB-6255A412A42F}.Debug|x64.ActiveCfg = Debug|x64
		{E7B3D07D-2FE8-481B-8DAB-6255A412A42F}.Debug|x64.Build.0 = Debug|x64
		{E7B3D07D-2FE8-481B-8DAB-6255A412A42F}.Release (static)|Win32.ActiveCfg = Release (static)|Win32
		{E7B3D07D-2FE8-481B-8DAB-6255A412A42F}.Release (static)|Win32.Build.0 = Release (static)|Win32
		{E7B3D07D-2FE8-481B-8DAB-6255A412A42F}.Release (static)|x64.ActiveCfg = Release (static)|x64
		{E7B3D07D-2FE8-481B-8DAB-6255A412A42F}.Release (static)|x64.Build.0 = Release (static)|x64
		{E7B3D07D-2FE8-481B-8DAB-6255A412A42F}.Release|Win32.ActiveCfg = Release|Win32
		{E7B3D07D-2FE8-481B-8DAB-6255A412A42F}.Release|Win32.Build.0 = Release|Win32
		{E7B3D07D-2FE8-481B-8DAB-6255A412A42F}.Release|x64.ActiveCfg = Release|x64
		{E7B3D07D-2FE8-481B-8DAB-6255A412A42F}.Release|x64.Build.0 = Release|x64
		{BC1F021A-1EEC-4A7A-B746-5AA6048E478C}.Debug|Win32.ActiveCfg = Debug|Win32
		{BC1F021A-1EEC-4A7A-B746-5AA6048E478C}.Debug|Win32.Build.0 = Debug|Win32
		{BC1F021A-1EEC-4A7A-B746-5AA6048E478C}.Debug|x64.ActiveCfg = Debug|x64
		{BC1F021A-1EEC-4A7A-B746-5AA6048E478C}.Debug|x64.Build.0 = Debug|x64
		{BC1F021A-1EEC-4A7A-B746-5AA6048E478C}.Release (static)|Win32.ActiveCfg = Release (static)|Win32
		{BC1F021A-1EEC-4A7A-B746-5AA6048E478C}.Release (static)|Win32.Build.0 = Release (static)|Win32
		{BC1F021A-1EEC-4A7A-B746-5AA6048E478C}.Release (static)|x64.ActiveCfg = Release (static)|x64
		{BC1F021A-1EEC-4A7A-B746-5AA6048E478C}.Release (static)|x64.Build.0 = Release (static)|x64
		{BC1F021A-1EEC-4A7A-B746-5AA6048E478C}.Release|Win32.ActiveCfg = Release|Win32
		{BC1F021A-1EEC-4A7A-B746-5AA6048E478C}.Release|Win32.Build.0 = Release|Win32
		{BC1F021A-1EEC-4A7A-B746-5AA6048E478C}.Release|x64.ActiveCfg = Release|x64
		{BC1F021A-1EEC-4A7A-B746-5AA6048E478C}.Release|x64.Build.0 = Release|x64
		{544D097C-9C24-4C57-A171-8C8029421185}.Debug|Win32.ActiveCfg = Debug|Win32
		{544D097C-9C24-4C57-A171-8C8029421185}.Debug|Win32.Build.0 = Debug|Win32
		{544D097C-9C24-4C57-A171-8C8029421185}.Debug|x64.ActiveCfg = Debug|x64
		{544D097C-9C24-4C57-A171-8C8029421185}.Debug|x64.Build.0 = Debug|x64
		{544D097C-9C24-4C57-A171-8C8029421185}.Release (static)|Win32.ActiveCfg = Release (static)|Win32
		{544D097C-9C24-4C57-A171-8C8029421185}.Release (static)|Win32.Build.0 = Release (static)|Win32
		{544D097C-9C24-4C57-A171-8C8029421185}.Release (static)|x64.ActiveCfg = Release (static)|x64
		{544D097C-9C24-4C57-A171-8C8029421185}.Release (static)|x64.Build.0 = Release (static)|x64
		{544D097C-9C24-4C57-A171-8C8029421185}.Release|Win32.ActiveCfg = Release|Win32
		{544D097C-9C24-4C57-A171-8C8029421185}.Release|Win32.Build.0 = Release|Win32
		{544D097C-9C24-4C57-A171-8C8029421185}.Release|x64.ActiveCfg = Release|x64
		{544D097C-9C24-4C57-A171-8C8029421185}.Release|x64.Build.0 = Release|x64
		{DE7E8FF8-0F5D-4062-A5C0-CFA3502E7A5A}.Debug|Win32.ActiveCfg = Debug|Win32
		{DE7E8FF8-0F5D-4062-A5C0-CFA3502E7A5A}.Debug|Win32.Build.0 = Debug|Win32
		{DE7E8FF8-0F5D-4062-A5C0-CFA3502E7A5A}.Debug|x64.ActiveCfg = Debug|x64
		{DE7E8FF8-0F5D-4062-A5C0-CFA3502E7A5A}.Debug|x64.Build.0 = Debug|x64
		{DE7E8FF8-0F5D-4062-A5C0-CFA3502E7A5A}.Release (static)|Win32.ActiveCfg = Release (static)|Win32
		{DE7E8FF8-0F5D-4062-A5C0-CFA3502E7A5A}.Release (static)|Win32.Build.0 = Release (static)|Win32
		{DE7E8FF8-0F5D-4062-A5C0-CFA3502E7A5A}.Release (static)|x64.ActiveCfg = Release (static)|x64
		{DE7E8FF8-0F5D-4062-A5C0-CFA3502E7A5A}.Release (static)|x64.Build.0 = Release (static)|x64
		{DE7E8FF8-0F5D-4062-A5C0-CFA3502E7A5A}.Release|Win32.ActiveCfg = Release|Win32
		{DE7E8FF8-0F5D-4062-A5C0-CFA3502E7A5A}.Release|Win32.Build.0 = Release|Win32
		{DE7E8FF8-0F5D-4062-A5C0-CFA3502E7A5A}.Release|x64.ActiveCfg = Release|x64
		{DE7E8FF8-0F5D-4062-A5C0-CFA3502E7A5A}.Release|x64.Build.0 = Release|x64
		{226D42CE-5833-444E-94FA-84C1D51892A8}.Debug|Win32.ActiveCfg = Debug|Win32
		{226D42CE-5833-444E-94FA-84C1D51892A8}.Debug|Win32.Build.0 = Debug|Win32
		{226D42CE-5833-444E-94FA-84C1D51892A8}.Debug|x64.ActiveCfg = Debug|x64
		{226D42CE-5833-444E-94FA-84C1D51892A8}.Debug|x64.Build.0 = Debug|x64
		{226D42CE-5833-444E-94FA-84C1D51892A8}.Release (static)|Win32.ActiveCfg = Release (static)|Win32
		{226D42CE-5833-444E-94FA-84C1D51892A8}.Release (static)|Win32.Build.0 = Release (static)|Win32
		{226D42CE-5833-444E-94FA-84C1D51892A8}.Release (static)|x64.ActiveCfg = Release (static)|x64
		{226D42CE-5833-444E-94FA-84C1D51892A8}.Release (static)|x64.Build.0 = Release (static)|x64
		{226D42CE-5833-444E-94FA-84C1D51892A8}.Release|Win32.ActiveCfg = Release|Win32
		{226D42CE-5833-444E-94FA-84C1D51892A8}.Release|Win32.Build.0 = Release|Win32
		{226D42CE-5833-444E-94FA-84C1D51892A8}.Release|x64.ActiveCfg = Release|x64
		{226D42CE-5833-444E-94FA-84C1D51892A8}.Release|x64.Build.0 = Release|x64
		{B37FE734-01F4-4799-86B2-D084820715BE}.Debug|Win32.ActiveCfg = Debug|Win32
		{B37FE734-01F4-4799-86B2-D084820715BE}.Debug|Win32.Build.0 = Debug|Win32
		{B37FE734-01F4-4799-86B2-D084820715BE}.Debug|x64.ActiveCfg = Debug|x64
		{B37FE734-01F4-4799-86B2-D084820715BE}.Debug|x64.Build.0 = Debug|x64
		{B37FE734-01F4-4799-86B2-D084820715BE}.Release (static)|Win32.ActiveCfg = Release (static)|Win32
		{B37FE734-01F4-4799-86B2-D084820715BE}.Release (static)|Win32.Build.0 = Release (static)|Win32
		{B37FE734-01F4-4799-86B2-D084820715BE}.Release (static)|x64.ActiveCfg = Release (static)|x64
		{B37FE734-01F4-4799-86B2-D084820715BE}.Release (static)|x64.Build.0 = Release (static)|x64
		{B37FE734-01F4-4799-86B2-D084820715BE}.Release|Win32.ActiveCfg = Release|Win32
		{B37FE734-01F4-4799-86B2-D084820715BE}.Release|Win32.Build.0 = Release|Win32
		{B37FE734-01F4-4799-86B2-D084820715BE}.Release|x64.ActiveCfg = Release|x64
		{B37FE734-01F4-4799-86B2-D084820715BE}.Release|x64.Build.0 = Release|x64
		{B00D4025-0437-4FF2-BD0E-D2AE6CF82AC2}.Debug|Win32.ActiveCfg = Debug|Win32
		{B00D4025-0437-4FF2-BD0E-D2AE6CF82AC2}.Debug|Win32.Build.0 = Debug|Win32
		{B00D4025-0437-4FF2-BD0E-D2AE6CF82AC2}.Debug|x64.ActiveCfg = Debug|x64
		{B00D4025-0437-4FF2-BD0E-D2AE6CF82AC2}.Debug|x64.Build.0 = Debug|x64
		{B00D4025-0437-4FF2-BD0E-D2AE6CF82AC2}.Release (static)|Win32.ActiveCfg = Release (static)|Win32
		{B00D4025-0437-4FF2-BD0E-D2AE6CF82AC2}.Release (static)|Win32.Build.0 = Release (static)|Win32
		{B00D4025-0437-4FF2-BD0E-D2AE6CF82AC2}.Release (static)|x64.ActiveCfg = Release (static)|x64
		{B00D4025-0437-4FF2-BD0E-D2AE6CF82AC2}.Release (static)|x64.Build.0 = Release (static)|x64
		{B00D4025-0437-4FF2-BD0E-D2AE6CF82AC2}.Release|Win32.ActiveCfg = Release|Win32
		{B00D4025-0437-4FF2-BD0E-D2AE6CF82AC2}.Release|Win32.Build.0 = Release|Win32
		{B00D4025-0437-4FF2-BD0E-D2AE6CF82AC2}.Release|x64.ActiveCfg = Release|x64
		{B00D4025-0437-4FF2-BD0E-D2AE6CF82AC2}.Release|x64.Build.0 = Release|x64
		{5E7E6110-89E8-4797-A8E3-EBEF0EF5CAF2}.Debug|Win32.ActiveCfg = Debug|Win32
		{5E7E6110-89E8-4797-A8E3-EBEF0EF5CAF2}.Debug|Win32.Build.0 = Debug|Win32
		{5E7E6110-89E8-4797-A8E3-EBEF0EF5CAF2}.Debug|x64.ActiveCfg = Debug|x64
		{5E7E6110-89E8-4797-A8E3-EBEF0EF5CAF2}.Debug|x64.Build.0 = Debug|x64
		{5E7E6110-89E8-4797-A8E3-EBEF0EF5CAF2}.Release (static)|Win32.ActiveCfg = Release (static)|Win32
		{5E7E6110-89E8-4797-A8E3-EBEF0EF5CAF2}.Release (static)|Win32.Build.0 = Release (static)|Win32
		{5E7E6110-89E8-4797-A8E3-EBEF0EF5CAF2}.Release (static)|x64.ActiveCfg = Release (static)|x64
		{5E7E6110-89E8-4797-A8E3-EBEF0EF5CAF2}.Release (static)|x64.Build.0 = Release (static)|x64
		{5E7E6110-89E8-4797-A8E3-EBEF0EF5CAF2}.Release|Win32.ActiveCfg = Release|Win32
		{5E7E6110-89E8-4797-A8E3-EBEF0EF5CAF2}.Release|Win32.Build.0 = Release|Win32
		{5E7E6110-89E8-4797-A8E3-EBEF0EF5CAF2}.Release|x64.ActiveCfg = Release|x64
		{5E7E6110-89E8-4797-A8E3-EBEF0EF5CAF2}.Release|x64.Build.0 = Release|x64
		{E5D842C5-669F-4FC7-A5E0-44B562F86435}.Debug|Win32.ActiveCfg = Debug|Win32
		{E5D842C5-669F-4FC7-A5E0-44B562F86435}.Debug|Win32.Build.0 = Debug|Win32
		{E5D842C5-669F-4FC7-A5E0-44B562F86435}.Debug|x64.ActiveCfg = Debug|x64
		{E5D842C5-669F-4FC7-A5E0-44B562F86435}.Debug|x64.Build.0 = Debug|x64
		{E5D842C5-669F-4FC7-A5E0-44B562F86435}.Release (static)|Win32.ActiveCfg = Release (static)|Win32
		{E5D842C5-669F-4FC7-A5E0-44B562F86435}.Release (static)|Win32.Build.0 = Release (static)|Win32
		{E5D842C5-669F-4FC7-A5E0-44B562F86435}.Release (static)|x64.ActiveCfg = Release (static)|x64
		{E5D842C5-669F-4FC7-A5E0-44B562F86435}.Release (static)|x64.Build.0 = Release (static)|x64
		{E5D842C5-669F-4FC7-A5E0-44B562F86435}.Release|Win32.ActiveCfg = Release|Win32
		{E5D842C5-669F-4FC7-A5E0-44B562F86435}.Release|Win32.Build.0 = Release|Win32
		{E5D842C5-669F-4FC7-A5E0-44B562F86435}.Release|x64.ActiveCfg = Release|x64
		{E5D842C5-669F-4FC7-A5E0-44B562F86435}.Release|x64.Build.0 = Release|x64
		{445A2500-3BBC-449A-A929-C419C2A16051}.Debug|Win32.ActiveCfg = Debug|Win32
		{445A2500-3BBC-449A-A929-C419C2A16051}.Debug|Win32.Build.0 = Debug|Win32
		{445A2500-3BBC-449A-A929-C419C2A16051}.Debug|x64.ActiveCfg = Debug|x64
		{445A2500-3BBC-449A-A929-C419C2A16051}.Debug|x64.Build.0 = Debug|x64
		{445A2500-3BBC-449A-A929-C419C2A16051}.Release (static)|Win32.ActiveCfg = Release (static)|Win32
		{445A2500-3BBC-449A-A929-C419C2A16051}.Release (static)|Win32.Build.0 = Release (static)|Win32
		{445A2500-3BBC-449A-A929-C419C2A16051}.Release (static)|x64.ActiveCfg = Release (static)|x64
		{445A2500-3BBC-449A-A929-C419C2A16051}.Release (static)|x64.Build.0 = Release (static)|x64
		{445A2500-3BBC-449A-A929-C419C2A16051}.Release|Win32.ActiveCfg = Release|Win32
		{445A2500-3BBC-449A-A929-C419C2A16051}.Release|Win32.Build.0 = Release|Win32
		{445A2500-3BBC-449A-A929-C419C2A16051}.Release|x64.ActiveCfg = Release|x64
		{445A2500-3BBC-449A-A929-C419C2A16051}.Release|x64.Build.0 = Release|x64
		{052C34FE-C9E2-43ED-95DA-FB3F27B44E37}.Debug|Win32.ActiveCfg = Debug|Win32
		{052C34FE-C9E2-43ED-95DA-FB3F27B44E37}.Debug|Win32.Build.0 = Debug|Win32
		{052C34FE-C9E2-43ED-95DA-FB3F27B44E37}.Debug|x64.ActiveCfg = Debug|x64
		{052C34FE-C9E2-43ED-95DA-FB3F27B44E37}.Debug|x64.Build.0 = Debug|x64
		{052C34FE-C9E2-43ED-95DA-FB3F27B44E37}.Release (static)|Win32.ActiveCfg = Release (static)|Win32
		{052C34FE-C9E2-43ED-95DA-FB3F27B44E37}.Release (static)|Win32.Build.0 = Release (static)|Win32
		{052C34FE-C9E2-43ED-95DA-FB3F27B44E37}.Release (static)|x64.ActiveCfg = Release (static)|x64
		{052C34FE-C9E2-43ED-95DA-FB3F27B44E37}.Release (static)|x64.Build.0 = Release (static)|x64
		{052C34FE-C9E2-43ED-95DA-FB3F27B44E37}.Release|Win32.ActiveCfg = Release|Win32
		{052C34FE-C9E2-43ED-95DA-FB3F27B44E37}.Release|Win32.Build.0 = Release|Win32
		{052C34FE-C9E2-43ED-95DA-FB3F27B44E37}.Release|x64.ActiveCfg = Release|x64
		{052C34FE-C9E2-43ED-95DA-FB3F27B44E37}.Release|x64.Build.0 = Release|x64
		{5FA27C8E-51B1-445A-A375-FBE74F0984B1}.Debug|Win32.ActiveCfg = Debug|Win32
		{5FA27C8E-51B1-445A-A375-FBE74F0984B1}.Debug|Win32.Build.0 = Debug|Win32
		{5FA27C8E-51B1-445A-A375-FBE74F0984B1}.Debug|x64.ActiveCfg = Debug|x64
		{5FA27C8E-51B1-445A-A375-FBE74F0984B1}.Debug|x64.Build.0 = Debug|x64
		{5FA27C8E-51B1-445A-A375-FBE74F0984B1}.Release (static)|Win32.ActiveCfg = Release (static)|Win32
		{5FA27C8E-51B1-445A-A375-FBE74F0984B1}.Release (static)|Win32.Build.0 = Release (static)|Win32
		{5FA27C8E-51B1-445A-A375-FBE74F0984B1}.Release (static)|x64.ActiveCfg = Release (static)|x64
		{5FA27C8E-51B1-445A-A375-FBE74F0984B1}.Release (static)|x64.Build.0 = Release (static)|x64
		{5FA27C8E-51B1-445A-A375-FBE74F0984B1}.Release|Win32.ActiveCfg = Release|Win32
		{5FA27C8E-51B1-445A-A375-FBE74F0984B1}.Release|Win32.Build.0 = Release|Win32
		{5FA27C8E-51B1-445A-A375-FBE74F0984B1}.Release|x64.ActiveCfg = Release|x64
		{5FA27C8E-51B1-445A-A375-FBE74F0984B1}.Release|x64.Build.0 = Release|x64
		{56BD559B-1590-4FC4-B441-AB1973BAC2BD}.Debug|Win32.ActiveCfg = Debug|Win32
		{56BD559B-1590-4FC4-B441-AB1973BAC2BD}.Debug|Win32.Build.0 = Debug|Win32
		{56BD559B-1590-4FC4-B441-AB1973BAC2BD}.Debug|x64.ActiveCfg = Debug|x64
		{56BD559B-1590-4FC4-B441-AB1973BAC2BD}.Debug|x64.Build.0 = Debug|x64
		{56BD559B-1590-4FC4-B441-AB1973BAC2BD}.Release (static)|Win32.ActiveCfg = Release (static)|Win32
		{56BD559B-1590-4FC4-B441-AB1973BAC2BD}.Release (static)|Win32.Build.0 = Release (static)|Win32
		{56BD559B-1590-4FC4-B441-AB1973BAC2BD}.Release (static)|x64.ActiveCfg = Release (static)|x64
		{56BD559B-1590-4FC4-B441-AB1973BAC2BD}.Release (static)|x64.Build.0 = Release (static)|x64
		{56BD559B-1590-4FC4-B441-AB1973BAC2BD}.Release|Win32.ActiveCfg = Release|Win32
		{56BD559B-1590-4FC4-B441-AB1973BAC2BD}.Release|Win32.Build.0 = Release|Win32
		{56BD559B-1590-4FC4-B441-AB1973BAC2BD}.Release|x64.ActiveCfg = Release|x64
		{56BD559B-1590-4FC4-B441-AB1973BAC2BD}.Release|x64.Build.0 = Release|x64
		{88422448-C5FB-46F3-A0B3-0811F90E537C}.Debug|Win32.ActiveCfg = Debug|Win32
		{88422448-C5FB-46F3-A0B3-0811F90E537C}.Debug|Win32.Build.0 = Debug|Win32
		{88422448-C5FB-46F3-A0B3-0811F90E537C}.Debug|x64.ActiveCfg = Debug|x64
		{88422448-C5FB-46F3-A0B3-0811F90E537C}.Debug|x64.Build.0 = Debug|x64
		{88422448-C5FB-46F3-A0B3-0811F90E537C}.Release (static)|Win32.ActiveCfg = Release (static)|Win32
		{88422448-C5FB-46F3-A0B3-0811F90E537C}.Release (static)|Win32.Build.0 = Release (static)|Win32
		{88422448-C5FB-46F3-A0B3-0811F90E537C}.Release (static)|x64.ActiveCfg = Release (static)|x64
		{88422448-C5FB-46F3-A0B3-0811F90E537C}.Release (static)|x64.Build.0 = Release (static)|x64
		{88422448-C5FB-46F3-A0B3-0811F90E537C}.Release|Win32.ActiveCfg = Release|Win32
		{88422448-C5FB-46F3-A0B3-0811F90E537C}.Release|Win32.Build.0 = Release|Win32
		{88422448-C5FB-46F3-A0B3-0811F90E537C}.Release|x64.ActiveCfg = Release|x64
		{88422448-C5FB-46F3-A0B3-0811F90E537C}.Release|x64.Build.0 = Release|x64
		{9EE8BD4B-47D3-4AD5-A8B9-831329792A05}.Debug|Win32.ActiveCfg = Debug|Win32
		{9EE8BD4B-47D3-4AD5-A8B9-831329792A05}.Debug|Win32.Build.0 = Debug|Win32
		{9EE8BD4B-47D3-4AD5-A8B9-831329792A05}.Debug|x64.ActiveCfg = Debug|x64
		{9EE8BD4B-47D3-4AD5-A8B9-831329792A05}.Debug|x64.Build.0 = Debug|x64
		{9EE8BD4B-47D3-4AD5-A8B9-831329792A05}.Release (static)|Win32.ActiveCfg = Release (static)|Win32
		{9EE8BD4B-47D3-4AD5-A8B9-831329792A05}.Release (static)|Win32.Build.0 = Release (static)|Win32
		{9EE8BD4B-47D3-4AD5-A8B9-831329792A05}.Release (static)|x64.ActiveCfg = Release (static)|x64
		{9EE8BD4B-47D3-4AD5-A8B9-831329792A05}.Release (static)|x64.Build.0 = Release (static)|x64
		{9EE8BD4B-47D3-4AD5-A8B9-831329792A05}.Release|Win32.ActiveCfg = Release|Win32
		{9EE8BD4B-47D3-4AD5-A8B9-831329792A05}.Release|Win32.Build.0 = Release|Win32
		{9EE8BD4B-47D3-4AD5-A8B9-831329792A05}.Release|x64.ActiveCfg = Release|x64
		{9EE8BD4B-47D3-4AD5-A8B9-831329792A05}.Release|x64.Build.0 = Release|x64
		{4605418D-2292-470A-AB18-C2119B016F71}.Debug|Win32.ActiveCfg = Debug|Win32
		{4605418D-2292-470A-AB18-C2119B016F71}.Debug|Win32.Build.0 = Debug|Win32
		{4605418D-2292-470A-AB18-C2119B016F71}.Debug|x64.ActiveCfg = Debug|x64
		{4605418D-2292-470A-AB18-C2119B016F71}.Debug|x64.Build.0 = Debug|x64
		{4605418D-2292-470A-AB18-C2119B016F71}.Release (static)|Win32.ActiveCfg = Release (static)|Win32
		{4605418D-2292-470A-AB18-C2119B016F71}.Release (static)|Win32.Build.0 = Release (static)|Win32
		{4605418D-2292-470A-AB18-C2119B016F71}.Release (static)|x64.ActiveCfg = Release (static)|x64
		{4605418D-2292-470A-AB18-C2119B016F71}.Release (static)|x64.Build.0 = Release (static)|x64
		{4605418D-2292-470A-AB18-C2119B016F71}.Release|Win32.ActiveCfg = Release|Win32
		{4605418D-2292-470A-AB18-C2119B016F71}.Release|Win32.Build.0 = Release|Win32
		{4605418D-2292-470A-AB18-C2119B016F71}.Release|x64.ActiveCfg = Release|x64
		{4605418D-2292-470A-AB18-C2119B016F71}.Release|x64.Build.0 = Release|x64
		{05E68E3B-5901-43A9-981D-CF392C0F5C6C}.Debug|Win32.ActiveCfg = Debug|Win32
		{05E68E3B-5901-43A9-981D-CF392C0F5C6C}.Debug|Win32.Build.0 = Debug|Win32
		{05E68E3B-5901-43A9-981D-CF392C0F5C6C}.Debug|x64.ActiveCfg = Debug|x64
		{05E68E3B-5901-43A9-981D-CF392C0F5C6C}.Debug|x64.Build.0 = Debug|x64
		{05E68E3B-5901-43A9-981D-CF392C0F5C6C}.Release (static)|Win32.ActiveCfg = Release (static)|Win32
		{05E68E3B-5901-43A9-981D-CF392C0F5C6C}.Release (static)|Win32.Build.0 = Release (static)|Win32
		{05E68E3B-5901-43A9-981D-CF392C0F5C6C}.Release (static)|x64.ActiveCfg = Release (static)|x64
		{05E68E3B-5901-43A9-981D-CF392C0F5C6C}.Release (static)|x64.Build.0 = Release (static)|x64
		{05E68E3B-5901-43A9-981D-CF392C0F5C6C}.Release|Win32.ActiveCfg = Release|Win32
		{05E68E3B-5901-43A9-981D-CF392C0F5C6C}.Release|Win32.Build.0 = Release|Win32
		{05E68E3B-5901-43A9-981D-CF392C0F5C6C}.Release|x64.ActiveCfg = Release|x64
		{05E68E3B-5901-43A9-981D-CF392C0F5C6C}.Release|x64.Build.0 = Release|x64
		{6BA39648-5BD0-4B8D-A8DD-8202FBA1AE80}.Debug|Win32.ActiveCfg = Debug|Win32
		{6BA39648-5BD0-4B8D-A8DD-8202FBA1AE80}.Debug|Win32.Build.0 = Debug|Win32
		{6BA39648-5BD0-4B8D-A8DD-8202FBA1AE80}.Debug|x64.ActiveCfg = Debug|x64
		{6BA39648-5BD0-4B8D-A8DD-8202FBA1AE80}.Debug|x64.Build.0 = Debug|x64
		{6BA39648-5BD0-4B8D-A8DD-8202FBA1AE80}.Release (static)|Win32.ActiveCfg = Release (static)|Win32
		{6BA39648-5BD0-4B8D-A8DD-8202FBA1AE80}.Release (static)|Win32.Build.0 = Release (static)|Win32
		{6BA39648-5BD0-4B8D-A8DD-8202FBA1AE80}.Release (static)|x64.ActiveCfg = Release (static)|x64
		{6BA39648-5BD0-4B8D-A8DD-8202FBA1AE80}.Release (static)|x64.Build.0 = Release (static)|x64
		{6BA39648-5BD0-4B8D-A8DD-8202FBA1AE80}.Release|Win32.ActiveCfg = Release|Win32
		{6BA39648-5BD0-4B8D-A8DD-8202FBA1AE80}.Release|Win32.Build.0 = Release|Win32
		{6BA39648-5BD0-4B8D-A8DD-8202FBA1AE80}.Release|x64.ActiveCfg = Release|x64
		{6BA39648-5BD0-4B8D-A8DD-8202FBA1AE80}.Release|x64.Build.0 = Release|x64
		{1CD1A18B-95D5-4EA4-917C-34B10066BFCC}.Debug|Win32.ActiveCfg = Debug|Win32
		{1CD1A18B-95D5-4EA4-917C-34B10066BFCC}.Debug|Win32.Build.0 = Debug|Win32
		{1CD1A18B-95D5-4EA4-917C-34B10066BFCC}.Debug|x64.ActiveCfg = Debug|x64
		{1CD1A18B-95D5-4EA4-917C-34B10066BFCC}.Debug|x64.Build.0 = Debug|x64
		{1CD1A18B-95D5-4EA4-917C-34B10066BFCC}.Release (static)|Win32.ActiveCfg = Release (static)|Win32
		{1CD1A18B-95D5-4EA4-917C-34B10066BFCC}.Release (static)|Win32.Build.0 = Release (static)|Win32
		{1CD1A18B-95D5-4EA4-917C-34B10066BFCC}.Release (static)|x64.ActiveCfg = Release (static)|x64
		{1CD1A18B-95D5-4EA4-917C-34B10066BFCC}.Release (static)|x64.Build.0 = Release (static)|x64
		{1CD1A18B-95D5-4EA4-917C-34B10066BFCC}.Release|Win32.ActiveCfg = Release|Win32
		{1CD1A18B-95D5-4EA4-917C-34B10066BFCC}.Release|Win32.Build.0 = Release|Win32
		{1CD1A18B-95D5-4EA4-917C-34B10066BFCC}.Release|x64.ActiveCfg = Release|x64
		{1CD1A18B-95D5-4EA4-917C-34B10066BFCC}.Release|x64.Build.0 = Release|x64
		{053E1EE2-75B4-4D9A-B8AE-89600BCB60A5}.Debug|Win32.ActiveCfg = Debug|Win32
		{053E1EE2-75B4-4D9A-B8AE-89600BCB60A5}.Debug|Win32.Build.0 = Debug|Win32
		{053E1EE2-75B4-4D9A-B8AE-89600BCB60A5}.Debug|x64.ActiveCfg = Debug|x64
		{053E1EE2-75B4-4D9A-B8AE-89600BCB60A5}.Debug|x64.Build.0 = Debug|x64
		{053E1EE2-75B4-4D9A-B8AE-89600BCB60A5}.Release (static)|Win32.ActiveCfg = Release (static)|Win32
		{053E1EE2-75B4-4D9A-B8AE-89600BCB60A5}.Release (static)|Win32.Build.0 = Release (static)|Win32
		{053E1EE2-75B4-4D9A-B8AE-89600BCB60A5}.Release (static)|x64.ActiveCfg = Release (static)|x64
		{053E1EE2-75B4-4D9A-B8AE-89600BCB60A5}.Release (static)|x64.Build.0 = Release (static)|x64
		{053E1EE2-75B4-4D9A-B8AE-89600BCB60A5}.Release|Win32.ActiveCfg = Release|Win32
		{053E1EE2-75B4-4D9A-B8AE-89600BCB60A5}.Release|Win32.Build.0 = Release|Win32
		{053E1EE2-75B4-4D9A-B8AE-89600BCB60A5}.Release|x64.ActiveCfg = Release|x64
		{053E1EE2-75B4-4D9A-B8AE-89600BCB60A5}.Release|x64.Build.0 = Release|x64
		{231C032C-DE16-459A-8E7D-6509C2EC3998}.Debug|Win32.ActiveCfg = Debug|Win32
		{231C032C-DE16-459A-8E7D-6509C2EC3998}.Debug|Win32.Build.0 = Debug|Win32
		{231C032C-DE16-459A-8E7D-6509C2EC3998}.Debug|x64.ActiveCfg = Debug|x64
		{231C032C-DE16-459A-8E7D-6509C2EC3998}.Debug|x64.Build.0 = Debug|x64
		{231C032C-DE16-459A-8E7D-6509C2EC3998}.Release (static)|Win32.ActiveCfg = Release (static)|Win32
		{231C032C-DE16-459A-8E7D-6509C2EC3998}.Release (static)|Win32.Build.0 = Release (static)|Win32
		{231C032C-DE16-459A-8E7D-6509C2EC3998}.Release (static)|x64.ActiveCfg = Release (static)|x64
		{231C032C-DE16-459A-8E7D-6509C2EC3998}.Release (static)|x64.Build.0 = Release (static)|x64
		{231C032C-DE16-459A-8E7D-6509C2EC3998}.Release|Win32.ActiveCfg = Release|Win32
		{231C032C-DE16-459A-8E7D-6509C2EC3998}.Release|Win32.Build.0 = Release|Win32
		{231C032C-DE16-459A-8E7D-6509C2EC3998}.Release|x64.ActiveCfg = Release|x64
		{231C032C-DE16-459A-8E7D-6509C2EC3998}.Release|x64.Build.0 = Release|x64
		{419FEFBE-D9D5-4149-974B-0FFFC8D0D93F}.Debug|Win32.ActiveCfg = Debug|Win32
		{419FEFBE-D9D5-4149-974B-0FFFC8D0D93F}.Debug|Win32.Build.0 = Debug|Win32
		{419FEFBE-D9D5-4149-974B-0FFFC8D0D93F}.Debug|x64.ActiveCfg = Debug|x64
		{419FEFBE-D9D5-4149-974B-0FFFC8D0D93F}.Debug|x64.Build.0 = Debug|x64
		{419FEFBE-D9D5-4149-974B-0FFFC8D0D93F}.Release (static)|Win32.ActiveCfg = Release (static)|Win32
		{419FEFBE-D9D5-4149-974B-0FFFC8D0D93F}.Release (static)|Win32.Build.0 = Release (static)|Win32
		{419FEFBE-D9D5-4149-974B-0FFFC8D0D93F}.Release (static)|x64.ActiveCfg = Release (static)|x64
		{419FEFBE-D9D5-4149-974B-0FFFC8D0D93F}.Release (static)|x64.Build.0 = Release (static)|x64
		{419FEFBE-D9D5-4149-974B-0FFFC8D0D93F}.Release|Win32.ActiveCfg = Release|Win32
		{419FEFBE-D9D5-4149-974B-0FFFC8D0D93F}.Release|Win32.Build.0 = Release|Win32
		{419FEFBE-D9D5-4149-974B-0FFFC8D0D93F}.Release|x64.ActiveCfg = Release|x64
		{419FEFBE-D9D5-4149-974B-0FFFC8D0D93F}.Release|x64.Build.0 = Release|x64
		{40639893-4D75-48CD-811F-4B363CC71FFA}.Debug|Win32.ActiveCfg = Debug|Win32
		{40639893-4D75-48CD-811F-4B363CC71FFA}.Debug|Win32.Build.0 = Debug|Win32
		{40639893-4D75-48CD-811F-4B363CC71FFA}.Debug|x64.ActiveCfg = Debug|x64
		{40639893-4D75-48CD-811F-4B363CC71FFA}.Debug|x64.Build.0 = Debug|x64
		{40639893-4D75-48CD-811F-4B363CC71FFA}.Release (static)|Win32.ActiveCfg = Release (static)|Win32
		{40639893-4D75-48CD-811F-4B363CC71FFA}.Release (static)|Win32.Build.0 = Release (static)|Win32
		{40639893-4D75-48CD-811F-4B363CC71FFA}.Release (static)|x64.ActiveCfg = Release (static)|x64
		{40639893-4D75-48CD-811F-4B363CC71FFA}.Release (static)|x64.Build.0 = Release (static)|x64
		{40639893-4D75-48CD-811F-4B363CC71FFA}.Release|Win32.ActiveCfg = Release|Win32
		{40639893-4D75-48CD-811F-4B363CC71FFA}.Release|Win32.Build.0 = Release|Win32
		{40639893-4D75-48CD-811F-4B363CC71FFA}.Release|x64.ActiveCfg = Release|x64
		{40639893-4D75-48CD-811F-4B363CC71FFA}.Release|x64.Build.0 = Release|x64
		{5FD733BF-B3C6-4A96-BED7-35E2484448E1}.Debug|Win32.ActiveCfg = Debug|Win32
		{5FD733BF-B3C6-4A96-BED7-35E2484448E1}.Debug|Win32.Build.0 = Debug|Win32
		{5FD733BF-B3C6-4A96-BED7-35E2484448E1}.Debug|x64.ActiveCfg = Debug|Win32
		{5FD733BF-B3C6-4A96-BED7-35E2484448E1}.Release (static)|Win32.ActiveCfg = Release (static)|Win32
		{5FD733BF-B3C6-4A96-BED7-35E2484448E1}.Release (static)|Win32.Build.0 = Release (static)|Win32
		{5FD733BF-B3C6-4A96-BED7-35E2484448E1}.Release (static)|x64.ActiveCfg = Release (static)|x64
		{5FD733BF-B3C6-4A96-BED7-35E2484448E1}.Release (static)|x64.Build.0 = Release (static)|x64
		{5FD733BF-B3C6-4A96-BED7-35E2484448E1}.Release|Win32.ActiveCfg = Release|Win32
		{5FD733BF-B3C6-4A96-BED7-35E2484448E1}.Release|Win32.Build.0 = Release|Win32
		{5FD733BF-B3C6-4A96-BED7-35E2484448E1}.Release|x64.ActiveCfg = Release|x64
		{5FD733BF-B3C6-4A96-BED7-35E2484448E1}.Release|x64.Build.0 = Release|x64
		{649C4168-1C65-4E41-818F-85A1C52C1B8F}.Debug|Win32.ActiveCfg = Debug|Win32
		{649C4168-1C65-4E41-818F-85A1C52C1B8F}.Debug|Win32.Build.0 = Debug|Win32
		{649C4168-1C65-4E41-818F-85A1C52C1B8F}.Debug|x64.ActiveCfg = Debug|Win32
		{649C4168-1C65-4E41-818F-85A1C52C1B8F}.Release (static)|Win32.ActiveCfg = Release (static)|Win32
		{649C4168-1C65-4E41-818F-85A1C52C1B8F}.Release (static)|Win32.Build.0 = Release (static)|Win32
		{649C4168-1C65-4E41-818F-85A1C52C1B8F}.Release (static)|x64.ActiveCfg = Release (static)|x64
		{649C4168-1C65-4E41-818F-85A1C52C1B8F}.Release (static)|x64.Build.0 = Release (static)|x64
		{649C4168-1C65-4E41-818F-85A1C52C1B8F}.Release|Win32.ActiveCfg = Release|Win32
		{649C4168-1C65-4E41-818F-85A1C52C1B8F}.Release|Win32.Build.0 = Release|Win32
		{649C4168-1C65-4E41-818F-85A1C52C1B8F}.Release|x64.ActiveCfg = Release|x64
		{649C4168-1C65-4E41-818F-85A1C52C1B8F}.Release|x64.Build.0 = Release|x64
		{C55D5FBF-43A0-4F6C-BCF6-BAE5705C121F}.Debug|Win32.ActiveCfg = Debug|Win32
		{C55D5FBF-43A0-4F6C-BCF6-BAE5705C121F}.Debug|Win32.Build.0 = Debug|Win32
		{C55D5FBF-43A0-4F6C-BCF6-BAE5705C121F}.Debug|x64.ActiveCfg = Debug|Win32
		{C55D5FBF-43A0-4F6C-BCF6-BAE5705C121F}.Release (static)|Win32.ActiveCfg = Release (static)|Win32
		{C55D5FBF-43A0-4F6C-BCF6-BAE5705C121F}.Release (static)|Win32.Build.0 = Release (static)|Win32
		{C55D5FBF-43A0-4F6C-BCF6-BAE5705C121F}.Release (static)|x64.ActiveCfg = Release (static)|x64
		{C55D5FBF-43A0-4F6C-BCF6-BAE5705C121F}.Release (static)|x64.Build.0 = Release (static)|x64
		{C55D5FBF-43A0-4F6C-BCF6-BAE5705C121F}.Release|Win32.ActiveCfg = Release|Win32
		{C55D5FBF-43A0-4F6C-BCF6-BAE5705C121F}.Release|Win32.Build.0 = Release|Win32
		{C55D5FBF-43A0-4F6C-BCF6-BAE5705C121F}.Release|x64.ActiveCfg = Release|x64
		{C55D5FBF-43A0-4F6C-BCF6-BAE5705C121F}.Release|x64.Build.0 = Release|x64
		{44A18410-3AA8-4A64-935B-D20223AD6885}.Debug|Win32.ActiveCfg = Debug|Win32
		{44A18410-3AA8-4A64-935B-D20223AD6885}.Debug|Win32.Build.0 = Debug|Win32
		{44A18410-3AA8-4A64-935B-D20223AD6885}.Debug|x64.ActiveCfg = Debug|Win32
		{44A18410-3AA8-4A64-935B-D20223AD6885}.Release (static)|Win32.ActiveCfg = Release (static)|Win32
		{44A18410-3AA8-4A64-935B-D20223AD6885}.Release (static)|Win32.Build.0 = Release (static)|Win32
		{44A18410-3AA8-4A64-935B-D20223AD6885}.Release (static)|x64.ActiveCfg = Release (static)|x64
		{44A18410-3AA8-4A64-935B-D20223AD6885}.Release (static)|x64.Build.0 = Release (static)|x64
		{44A18410-3AA8-4A64-935B-D20223AD6885}.Release|Win32.ActiveCfg = Release|Win32
		{44A18410-3AA8-4A64-935B-D20223AD6885}.Release|Win32.Build.0 = Release|Win32
		{44A18410-3AA8-4A64-935B-D20223AD6885}.Release|x64.ActiveCfg = Release|x64
		{44A18410-3AA8-4A64-935B-D20223AD6885}.Release|x64.Build.0 = Release|x64
		{B44CB3E0-F2FD-4260-A632-C01FB881613E}.Debug|Win32.ActiveCfg = Debug|Win32
		{B44CB3E0-F2FD-4260-A632-C01FB881613E}.Debug|Win32.Build.0 = Debug|Win32
		{B44CB3E0-F2FD-4260-A632-C01FB881613E}.Debug|x64.ActiveCfg = Debug|Win32
		{B44CB3E0-F2FD-4260-A632-C01FB881613E}.Release (static)|Win32.ActiveCfg = Release (static)|Win32
		{B44CB3E0-F2FD-4260-A632-C01FB881613E}.Release (static)|Win32.Build.0 = Release (static)|Win32
		{B44CB3E0-F2FD-4260-A632-C01FB881613E}.Release (static)|x64.ActiveCfg = Release (static)|x64
		{B44CB3E0-F2FD-4260-A632-C01FB881613E}.Release (static)|x64.Build.0 = Release (static)|x64
		{B44CB3E0-F2FD-4260-A632-C01FB881613E}.Release|Win32.ActiveCfg = Release|Win32
		{B44CB3E0-F2FD-4260-A632-C01FB881613E}.Release|Win32.Build.0 = Release|Win32
		{B44CB3E0-F2FD-4260-A632-C01FB881613E}.Release|x64.ActiveCfg = Release|x64
		{B44CB3E0-F2FD-4260-A632-C01FB881613E}.Release|x64.Build.0 = Release|x64
		{F4A9881E-0EB0-44A1-9664-B6CBDE992861}.Debug|Win32.ActiveCfg = Debug|Win32
		{F4A9881E-0EB0-44A1-9664-B6CBDE992861}.Debug|Win32.Build.0 = Debug|Win32
		{F4A9881E-0EB0-44A1-9664-B6CBDE992861}.Debug|x64.ActiveCfg = Debug|Win32
		{F4A9881E-0EB0-44A1-9664-B6CBDE992861}.Release (static)|Win32.ActiveCfg = Release (static)|Win32
		{F4A9881E-0EB0-44A1-9664-B6CBDE992861}.Release (static)|Win32.Build.0 = Release (static)|Win32
		{F4A9881E-0EB0-44A1-9664-B6CBDE992861}.Release (static)|x64.ActiveCfg = Release (static)|x64
		{F4A9881E-0EB0-44A1-9664-B6CBDE992861}.Release (static)|x64.Build.0 = Release (static)|x64
		{F4A9881E-0EB0-44A1-9664-B6CBDE992861}.Release|Win32.ActiveCfg = Release|Win32
		{F4A9881E-0EB0-44A1-9664-B6CBDE992861}.Release|Win32.Build.0 = Release|Win32
		{F4A9881E-0EB0-44A1-9664-B6CBDE992861}.Release|x64.ActiveCfg = Release|x64
		{F4A9881E-0EB0-44A1-9664-B6CBDE992861}.Release|x64.Build.0 = Release|x64
		{66D3A191-E4D5-45F3-86BD-EFBB249CD554}.Debug|Win32.ActiveCfg = Debug|Win32
		{66D3A191-E4D5-45F3-86BD-EFBB249CD554}.Debug|Win32.Build.0 = Debug|Win32
		{66D3A191-E4D5-45F3-86BD-EFBB249CD554}.Debug|x64.ActiveCfg = Debug|Win32
		{66D3A191-E4D5-45F3-86BD-EFBB249CD554}.Release (static)|Win32.ActiveCfg = Release (static)|Win32
		{66D3A191-E4D5-45F3-86BD-EFBB249CD554}.Release (static)|Win32.Build.0 = Release (static)|Win32
		{66D3A191-E4D5-45F3-86BD-EFBB249CD554}.Release (static)|x64.ActiveCfg = Release (static)|x64
		{66D3A191-E4D5-45F3-86BD-EFBB249CD554}.Release (static)|x64.Build.0 = Release (static)|x64
		{66D3A191-E4D5-45F3-86BD-EFBB249CD554}.Release|Win32.ActiveCfg = Release|Win32
		{66D3A191-E4D5-45F3-86BD-EFBB249CD554}.Release|Win32.Build.0 = Release|Win32
		{66D3A191-E4D5-45F3-86BD-EFBB249CD554}.Release|x64.ActiveCfg = Release|x64
		{66D3A191-E4D5-45F3-86BD-EFBB249CD554}.Release|x64.Build.0 = Release|x64
		{CBD0DD82-4DC7-4398-AF32-FD7BFFA3C2D5}.Debug|Win32.ActiveCfg = Debug|Win32
		{CBD0DD82-4DC7-4398-AF32-FD7BFFA3C2D5}.Debug|Win32.Build.0 = Debug|Win32
		{CBD0DD82-4DC7-4398-AF32-FD7BFFA3C2D5}.Debug|x64.ActiveCfg = Debug|Win32
		{CBD0DD82-4DC7-4398-AF32-FD7BFFA3C2D5}.Release (static)|Win32.ActiveCfg = Release (static)|Win32
		{CBD0DD82-4DC7-4398-AF32-FD7BFFA3C2D5}.Release (static)|Win32.Build.0 = Release (static)|Win32
		{CBD0DD82-4DC7-4398-AF32-FD7BFFA3C2D5}.Release (static)|x64.ActiveCfg = Release (static)|x64
		{CBD0DD82-4DC7-4398-AF32-FD7BFFA3C2D5}.Release (static)|x64.Build.0 = Release (static)|x64
		{CBD0DD82-4DC7-4398-AF32-FD7BFFA3C2D5}.Release|Win32.ActiveCfg = Release|Win32
		{CBD0DD82-4DC7-4398-AF32-FD7BFFA3C2D5}.Release|Win32.Build.0 = Release|Win32
		{CBD0DD82-4DC7-4398-AF32-FD7BFFA3C2D5}.Release|x64.ActiveCfg = Release|x64
		{CBD0DD82-4DC7-4398-AF32-FD7BFFA3C2D5}.Release|x64.Build.0 = Release|x64
		{D5B9558F-EF25-4167-ACE4-723C7413B390}.Debug|Win32.ActiveCfg = Debug|Win32
		{D5B9558F-EF25-4167-ACE4-723C7413B390}.Debug|Win32.Build.0 = Debug|Win32
		{D5B9558F-EF25-4167-ACE4-723C7413B390}.Debug|x64.ActiveCfg = Debug|Win32
		{D5B9558F-EF25-4167-ACE4-723C7413B390}.Release (static)|Win32.ActiveCfg = Release (static)|Win32
		{D5B9558F-EF25-4167-ACE4-723C7413B390}.Release (static)|Win32.Build.0 = Release (static)|Win32
		{D5B9558F-EF25-4167-ACE4-723C7413B390}.Release (static)|x64.ActiveCfg = Release (static)|x64
		{D5B9558F-EF25-4167-ACE4-723C7413B390}.Release (static)|x64.Build.0 = Release (static)|x64
		{D5B9558F-EF25-4167-ACE4-723C7413B390}.Release|Win32.ActiveCfg = Release|Win32
		{D5B9558F-EF25-4167-ACE4-723C7413B390}.Release|Win32.Build.0 = Release|Win32
		{D5B9558F-EF25-4167-ACE4-723C7413B390}.Release|x64.ActiveCfg = Release|x64
		{D5B9558F-EF25-4167-ACE4-723C7413B390}.Release|x64.Build.0 = Release|x64
		{155112B9-A8A9-4E06-90F5-4AAAB32B2F70}.Debug|Win32.ActiveCfg = Debug|Win32
		{155112B9-A8A9-4E06-90F5-4AAAB32B2F70}.Debug|Win32.Build.0 = Debug|Win32
		{155112B9-A8A9-4E06-90F5-4AAAB32B2F70}.Debug|x64.ActiveCfg = Debug|Win32
		{155112B9-A8A9-4E06-90F5-4AAAB32B2F70}.Release (static)|Win32.ActiveCfg = Release (static)|Win32
		{155112B9-A8A9-4E06-90F5-4AAAB32B2F70}.Release (static)|Win32.Build.0 = Release (static)|Win32
		{155112B9-A8A9-4E06-90F5-4AAAB32B2F70}.Release (static)|x64.ActiveCfg = Release (static)|x64
		{155112B9-A8A9-4E06-90F5-4AAAB32B2F70}.Release (static)|x64.Build.0 = Release (static)|x64
		{155112B9-A8A9-4E06-90F5-4AAAB32B2F70}.Release|Win32.ActiveCfg = Release|Win32
		{155112B9-A8A9-4E06-90F5-4AAAB32B2F70}.Release|Win32.Build.0 = Release|Win32
		{155112B9-A8A9-4E06-90F5-4AAAB32B2F70}.Release|x64.ActiveCfg = Release|x64
		{155112B9-A8A9-4E06-90F5-4AAAB32B2F70}.Release|x64.Build.0 = Release|x64
		{178D81A7-F2FB-41D7-B300-9D1A4DE5E137}.Debug|Win32.ActiveCfg = Debug|Win32
		{178D81A7-F2FB-41D7-B300-9D1A4DE5E137}.Debug|Win32.Build.0 = Debug|Win32
		{178D81A7-F2FB-41D7-B300-9D1A4DE5E137}.Debug|x64.ActiveCfg = Debug|Win32
		{178D81A7-F2FB-41D7-B300-9D1A4DE5E137}.Release (static)|Win32.ActiveCfg = Release (static)|Win32
		{178D81A7-F2FB-41D7-B300-9D1A4DE5E137}.Release (static)|Win32.Build.0 = Release (static)|Win32
		{178D81A7-F2FB-41D7-B300-9D1A4DE5E137}.Release (static)|x64.ActiveCfg = Release (static)|x64
		{178D81A7-F2FB-41D7-B300-9D1A4DE5E137}.Release (static)|x64.Build.0 = Release (static)|x64
		{178D81A7-F2FB-41D7-B300-9D1A4DE5E137}.Release|Win32.ActiveCfg = Release|Win32
		{178D81A7-F2FB-41D7-B300-9D1A4DE5E137}.Release|Win32.Build.0 = Release|Win32
		{178D81A7-F2FB-41D7-B300-9D1A4DE5E137}.Release|x64.ActiveCfg = Release|x64
		{178D81A7-F2FB-41D7-B300-9D1A4DE5E137}.Release|x64.Build.0 = Release|x64
		{7E30C3B1-AEE7-483D-B231-C672365CD2D7}.Debug|Win32.ActiveCfg = Debug|Win32
		{7E30C3B1-AEE7-483D-B231-C672365CD2D7}.Debug|Win32.Build.0 = Debug|Win32
		{7E30C3B1-AEE7-483D-B231-C672365CD2D7}.Debug|x64.ActiveCfg = Debug|Win32
		{7E30C3B1-AEE7-483D-B231-C672365CD2D7}.Release (static)|Win32.ActiveCfg = Release (static)|Win32
		{7E30C3B1-AEE7-483D-B231-C672365CD2D7}.Release (static)|Win32.Build.0 = Release (static)|Win32
		{7E30C3B1-AEE7-483D-B231-C672365CD2D7}.Release (static)|x64.ActiveCfg = Release (static)|x64
		{7E30C3B1-AEE7-483D-B231-C672365CD2D7}.Release (static)|x64.Build.0 = Release (static)|x64
		{7E30C3B1-AEE7-483D-B231-C672365CD2D7}.Release|Win32.ActiveCfg = Release|Win32
		{7E30C3B1-AEE7-483D-B231-C672365CD2D7}.Release|Win32.Build.0 = Release|Win32
		{7E30C3B1-AEE7-483D-B231-C672365CD2D7}.Release|x64.ActiveCfg = Release|x64
		{7E30C3B1-AEE7-483D-B231-C672365CD2D7}.Release|x64.Build.0 = Release|x64
		{2E26DB8B-9E37-4072-B397-8A7086E0ACD0}.Debug|Win32.ActiveCfg = Debug|Win32
		{2E26DB8B-9E37-4072-B397-8A7086E0ACD0}.Debug|Win32.Build.0 = Debug|Win32
		{2E26DB8B-9E37-4072-B397-8A7086E0ACD0}.Debug|x64.ActiveCfg = Debug|Win32
		{2E26DB8B-9E37-4072-B397-8A7086E0ACD0}.Release (static)|Win32.ActiveCfg = Release (static)|Win32
		{2E26DB8B-9E37-4072-B397-8A7086E0ACD0}.Release (static)|Win32.Build.0 = Release (static)|Win32
		{2E26DB8B-9E37-4072-B397-8A7086E0ACD0}.Release (static)|x64.ActiveCfg = Release (static)|x64
		{2E26DB8B-9E37-4072-B397-8A7086E0ACD0}.Release (static)|x64.Build.0 = Release (static)|x64
		{2E26DB8B-9E37-4072-B397-8A7086E0ACD0}.Release|Win32.ActiveCfg = Release|Win32
		{2E26DB8B-9E37-4072-B397-8A7086E0ACD0}.Release|Win32.Build.0 = Release|Win32
		{2E26DB8B-9E37-4072-B397-8A7086E0ACD0}.Release|x64.ActiveCfg = Release|x64
		{2E26DB8B-9E37-4072-B397-8A7086E0ACD0}.Release|x64.Build.0 = Release|x64
		{2736D4F9-EA8B-4ADF-B2D9-B705FF288A8A}.Debug|Win32.ActiveCfg = Debug|Win32
		{2736D4F9-EA8B-4ADF-B2D9-B705FF288A8A}.Debug|Win32.Build.0 = Debug|Win32
		{2736D4F9-EA8B-4ADF-B2D9-B705FF288A8A}.Debug|x64.ActiveCfg = Debug|Win32
		{2736D4F9-EA8B-4ADF-B2D9-B705FF288A8A}.Release (static)|Win32.ActiveCfg = Release (static)|Win32
		{2736D4F9-EA8B-4ADF-B2D9-B705FF288A8A}.Release (static)|Win32.Build.0 = Release (static)|Win32
		{2736D4F9-EA8B-4ADF-B2D9-B705FF288A8A}.Release (static)|x64.ActiveCfg = Release (static)|x64
		{2736D4F9-EA8B-4ADF-B2D9-B705FF288A8A}.Release (static)|x64.Build.0 = Release (static)|x64
		{2736D4F9-EA8B-4ADF-B2D9-B705FF288A8A}.Release|Win32.ActiveCfg = Release|Win32
		{2736D4F9-EA8B-4ADF-B2D9-B705FF288A8A}.Release|Win32.Build.0 = Release|Win32
		{2736D4F9-EA8B-4ADF-B2D9-B705FF288A8A}.Release|x64.ActiveCfg = Release|x64
		{2736D4F9-EA8B-4ADF-B2D9-B705FF288A8A}.Release|x64.Build.0 = Release|x64
		{2CEB1965-A89C-4422-A9AC-B30FCE7913C3}.Debug|Win32.ActiveCfg = Debug|Win32
		{2CEB1965-A89C-4422-A9AC-B30FCE7913C3}.Debug|Win32.Build.0 = Debug|Win32
		{2CEB1965-A89C-4422-A9AC-B30FCE7913C3}.Debug|x64.ActiveCfg = Debug|Win32
		{2CEB1965-A89C-4422-A9AC-B30FCE7913C3}.Release (static)|Win32.ActiveCfg = Release (static)|Win32
		{2CEB1965-A89C-4422-A9AC-B30FCE7913C3}.Release (static)|Win32.Build.0 = Release (static)|Win32
		{2CEB1965-A89C-4422-A9AC-B30FCE7913C3}.Release (static)|x64.ActiveCfg = Release (static)|x64
		{2CEB1965-A89C-4422-A9AC-B30FCE7913C3}.Release (static)|x64.Build.0 = Release (static)|x64
		{2CEB1965-A89C-4422-A9AC-B30FCE7913C3}.Release|Win32.ActiveCfg = Release|Win32
		{2CEB1965-A89C-4422-A9AC-B30FCE7913C3}.Release|Win32.Build.0 = Release|Win32
		{2CEB1965-A89C-4422-A9AC-B30FCE7913C3}.Release|x64.ActiveCfg = Release|x64
		{2CEB1965-A89C-4422-A9AC-B30FCE7913C3}.Release|x64.Build.0 = Release|x64
	EndGlobalSection
	GlobalSection(SolutionProperties) = preSolution
		HideSolutionNode = FALSE
	EndGlobalSection
	GlobalSection(NestedProjects) = preSolution
		{6ADA4322-693A-46BB-897B-17BB5BE9F08C} = {3CDA2798-7565-47C5-B972-F9E63DBEFFFA}
		{6540C00F-C5EF-4C8B-824D-F2B7B302F0E0} = {3CDA2798-7565-47C5-B972-F9E63DBEFFFA}
		{51028ACF-53D4-4478-8500-55E6B8A81375} = {3CDA2798-7565-47C5-B972-F9E63DBEFFFA}
		{1311DEDF-B04C-4E96-BFDC-5D9FA0B05AC7} = {3CDA2798-7565-47C5-B972-F9E63DBEFFFA}
		{ED4AFBF5-C247-4352-966D-048B8998C6A1} = {3CDA2798-7565-47C5-B972-F9E63DBEFFFA}
		{01C3B138-9D45-4ED6-A763-893C067262C2} = {3CDA2798-7565-47C5-B972-F9E63DBEFFFA}
		{ACCC6F49-7E06-4395-AAF4-3C03A68F49EB} = {3CDA2798-7565-47C5-B972-F9E63DBEFFFA}
		{2626C0E1-6F5C-47D3-B80D-93942D766DD7} = {3CDA2798-7565-47C5-B972-F9E63DBEFFFA}
		{04FA9D77-E45F-4917-B972-B353BA6A6FA8} = {3CDA2798-7565-47C5-B972-F9E63DBEFFFA}
		{BF149D97-7520-4788-9CD1-3D99C5C8150F} = {3CDA2798-7565-47C5-B972-F9E63DBEFFFA}
		{5203F034-0047-4EC0-B7E9-D037FAF5D536} = {3CDA2798-7565-47C5-B972-F9E63DBEFFFA}
		{E7B3D07D-2FE8-481B-8DAB-6255A412A42F} = {3CDA2798-7565-47C5-B972-F9E63DBEFFFA}
		{BC1F021A-1EEC-4A7A-B746-5AA6048E478C} = {3CDA2798-7565-47C5-B972-F9E63DBEFFFA}
		{DE7E8FF8-0F5D-4062-A5C0-CFA3502E7A5A} = {3CDA2798-7565-47C5-B972-F9E63DBEFFFA}
		{226D42CE-5833-444E-94FA-84C1D51892A8} = {3CDA2798-7565-47C5-B972-F9E63DBEFFFA}
		{B37FE734-01F4-4799-86B2-D084820715BE} = {3CDA2798-7565-47C5-B972-F9E63DBEFFFA}
		{6BA39648-5BD0-4B8D-A8DD-8202FBA1AE80} = {3CDA2798-7565-47C5-B972-F9E63DBEFFFA}
		{053E1EE2-75B4-4D9A-B8AE-89600BCB60A5} = {3CDA2798-7565-47C5-B972-F9E63DBEFFFA}
		{9A942925-61E6-4975-935A-5D62E8248E64} = {3CDA2798-7565-47C5-B972-F9E63DBEFFFA}
		{C55D5FBF-43A0-4F6C-BCF6-BAE5705C121F} = {3CDA2798-7565-47C5-B972-F9E63DBEFFFA}
		{44A18410-3AA8-4A64-935B-D20223AD6885} = {3CDA2798-7565-47C5-B972-F9E63DBEFFFA}
		{F4A9881E-0EB0-44A1-9664-B6CBDE992861} = {3CDA2798-7565-47C5-B972-F9E63DBEFFFA}
		{66D3A191-E4D5-45F3-86BD-EFBB249CD554} = {3CDA2798-7565-47C5-B972-F9E63DBEFFFA}
		{D5B9558F-EF25-4167-ACE4-723C7413B390} = {3CDA2798-7565-47C5-B972-F9E63DBEFFFA}
		{155112B9-A8A9-4E06-90F5-4AAAB32B2F70} = {3CDA2798-7565-47C5-B972-F9E63DBEFFFA}
		{178D81A7-F2FB-41D7-B300-9D1A4DE5E137} = {3CDA2798-7565-47C5-B972-F9E63DBEFFFA}
		{7E30C3B1-AEE7-483D-B231-C672365CD2D7} = {3CDA2798-7565-47C5-B972-F9E63DBEFFFA}
	EndGlobalSection
EndGlobal
