
Microsoft Visual Studio Solution File, Format Version 9.00
# Visual Studio 2005
Project("{8BC9CEB8-8B4A-11D0-8D11-00A0C91BC942}") = "qfclient", "qfclient\qfclient.vcproj", "{9A942925-61E6-4975-935A-5D62E8248E64}"
	ProjectSection(ProjectDependencies) = postProject
		{5203F034-0047-4EC0-B7E9-D037FAF5D536} = {5203F034-0047-4EC0-B7E9-D037FAF5D536}
		{E7B3D07D-2FE8-481B-8DAB-6255A412A42F} = {E7B3D07D-2FE8-481B-8DAB-6255A412A42F}
		{ACCC6F49-7E06-4395-AAF4-3C03A68F49EB} = {ACCC6F49-7E06-4395-AAF4-3C03A68F49EB}
		{ED4AFBF5-C247-4352-966D-048B8998C6A1} = {ED4AFBF5-C247-4352-966D-048B8998C6A1}
		{51028ACF-53D4-4478-8500-55E6B8A81375} = {51028ACF-53D4-4478-8500-55E6B8A81375}
		{6ADA4322-693A-46BB-897B-17BB5BE9F08C} = {6ADA4322-693A-46BB-897B-17BB5BE9F08C}
		{1311DEDF-B04C-4E96-BFDC-5D9FA0B05AC7} = {1311DEDF-B04C-4E96-BFDC-5D9FA0B05AC7}
		{6540C00F-C5EF-4C8B-824D-F2B7B302F0E0} = {6540C00F-C5EF-4C8B-824D-F2B7B302F0E0}
		{04FA9D77-E45F-4917-B972-B353BA6A6FA8} = {04FA9D77-E45F-4917-B972-B353BA6A6FA8}
		{2626C0E1-6F5C-47D3-B80D-93942D766DD7} = {2626C0E1-6F5C-47D3-B80D-93942D766DD7}
		{BF149D97-7520-4788-9CD1-3D99C5C8150F} = {BF149D97-7520-4788-9CD1-3D99C5C8150F}
		{01C3B138-9D45-4ED6-A763-893C067262C2} = {01C3B138-9D45-4ED6-A763-893C067262C2}
		{226D42CE-5833-444E-94FA-84C1D51892A8} = {226D42CE-5833-444E-94FA-84C1D51892A8}
		{BC1F021A-1EEC-4A7A-B746-5AA6048E478C} = {BC1F021A-1EEC-4A7A-B746-5AA6048E478C}
	EndProjectSection
EndProject
Project("{8BC9CEB8-8B4A-11D0-8D11-00A0C91BC942}") = "qw", "qw\qw.vcproj", "{6ADA4322-693A-46BB-897B-17BB5BE9F08C}"
EndProject
Project("{8BC9CEB8-8B4A-11D0-8D11-00A0C91BC942}") = "net", "net\net.vcproj", "{6540C00F-C5EF-4C8B-824D-F2B7B302F0E0}"
EndProject
Project("{8BC9CEB8-8B4A-11D0-8D11-00A0C91BC942}") = "ruamoko", "ruamoko\ruamoko.vcproj", "{51028ACF-53D4-4478-8500-55E6B8A81375}"
EndProject
Project("{8BC9CEB8-8B4A-11D0-8D11-00A0C91BC942}") = "modelsgl", "modelsgl\modelsgl.vcproj", "{1311DEDF-B04C-4E96-BFDC-5D9FA0B05AC7}"
EndProject
Project("{8BC9CEB8-8B4A-11D0-8D11-00A0C91BC942}") = "console", "console\console.vcproj", "{ED4AFBF5-C247-4352-966D-048B8998C6A1}"
EndProject
Project("{8BC9CEB8-8B4A-11D0-8D11-00A0C91BC942}") = "gib", "gib\gib.vcproj", "{01C3B138-9D45-4ED6-A763-893C067262C2}"
EndProject
Project("{8BC9CEB8-8B4A-11D0-8D11-00A0C91BC942}") = "util", "util\util.vcproj", "{ACCC6F49-7E06-4395-AAF4-3C03A68F49EB}"
EndProject
Project("{8BC9CEB8-8B4A-11D0-8D11-00A0C91BC942}") = "engine", "engine\engine.vcproj", "{2626C0E1-6F5C-47D3-B80D-93942D766DD7}"
EndProject
Project("{8BC9CEB8-8B4A-11D0-8D11-00A0C91BC942}") = "builtins", "builtins\builtins.vcproj", "{04FA9D77-E45F-4917-B972-B353BA6A6FA8}"
EndProject
Project("{8BC9CEB8-8B4A-11D0-8D11-00A0C91BC942}") = "sound", "sound\sound.vcproj", "{BF149D97-7520-4788-9CD1-3D99C5C8150F}"
EndProject
Project("{8BC9CEB8-8B4A-11D0-8D11-00A0C91BC942}") = "image", "image\image.vcproj", "{5203F034-0047-4EC0-B7E9-D037FAF5D536}"
EndProject
Project("{8BC9CEB8-8B4A-11D0-8D11-00A0C91BC942}") = "video", "video\video.vcproj", "{E7B3D07D-2FE8-481B-8DAB-6255A412A42F}"
EndProject
Project("{8BC9CEB8-8B4A-11D0-8D11-00A0C91BC942}") = "common", "common\common.vcproj", "{BC1F021A-1EEC-4A7A-B746-5AA6048E478C}"
EndProject
Project("{8BC9CEB8-8B4A-11D0-8D11-00A0C91BC942}") = "qfserver", "qfserver\qfserver.vcproj", "{544D097C-9C24-4C57-A171-8C8029421185}"
	ProjectSection(ProjectDependencies) = postProject
		{6ADA4322-693A-46BB-897B-17BB5BE9F08C} = {6ADA4322-693A-46BB-897B-17BB5BE9F08C}
		{B37FE734-01F4-4799-86B2-D084820715BE} = {B37FE734-01F4-4799-86B2-D084820715BE}
		{BC1F021A-1EEC-4A7A-B746-5AA6048E478C} = {BC1F021A-1EEC-4A7A-B746-5AA6048E478C}
		{DE7E8FF8-0F5D-4062-A5C0-CFA3502E7A5A} = {DE7E8FF8-0F5D-4062-A5C0-CFA3502E7A5A}
		{6540C00F-C5EF-4C8B-824D-F2B7B302F0E0} = {6540C00F-C5EF-4C8B-824D-F2B7B302F0E0}
		{ED4AFBF5-C247-4352-966D-048B8998C6A1} = {ED4AFBF5-C247-4352-966D-048B8998C6A1}
		{2626C0E1-6F5C-47D3-B80D-93942D766DD7} = {2626C0E1-6F5C-47D3-B80D-93942D766DD7}
		{51028ACF-53D4-4478-8500-55E6B8A81375} = {51028ACF-53D4-4478-8500-55E6B8A81375}
		{04FA9D77-E45F-4917-B972-B353BA6A6FA8} = {04FA9D77-E45F-4917-B972-B353BA6A6FA8}
		{ACCC6F49-7E06-4395-AAF4-3C03A68F49EB} = {ACCC6F49-7E06-4395-AAF4-3C03A68F49EB}
		{01C3B138-9D45-4ED6-A763-893C067262C2} = {01C3B138-9D45-4ED6-A763-893C067262C2}
	EndProjectSection
EndProject
Project("{8BC9CEB8-8B4A-11D0-8D11-00A0C91BC942}") = "models", "models\models.vcproj", "{DE7E8FF8-0F5D-4062-A5C0-CFA3502E7A5A}"
EndProject
Project("{8BC9CEB8-8B4A-11D0-8D11-00A0C91BC942}") = "console_client", "console_client\console_client.vcproj", "{226D42CE-5833-444E-94FA-84C1D51892A8}"
EndProject
Project("{8BC9CEB8-8B4A-11D0-8D11-00A0C91BC942}") = "console_server", "console_server\console_server.vcproj", "{B37FE734-01F4-4799-86B2-D084820715BE}"
EndProject
Project("{8BC9CEB8-8B4A-11D0-8D11-00A0C91BC942}") = "qfbsp", "qfbsp\qfbsp.vcproj", "{B00D4025-0437-4FF2-BD0E-D2AE6CF82AC2}"
	ProjectSection(ProjectDependencies) = postProject
		{ACCC6F49-7E06-4395-AAF4-3C03A68F49EB} = {ACCC6F49-7E06-4395-AAF4-3C03A68F49EB}
	EndProjectSection
EndProject
Project("{8BC9CEB8-8B4A-11D0-8D11-00A0C91BC942}") = "qflight", "qflight\qflight.vcproj", "{5E7E6110-89E8-4797-A8E3-EBEF0EF5CAF2}"
	ProjectSection(ProjectDependencies) = postProject
		{ACCC6F49-7E06-4395-AAF4-3C03A68F49EB} = {ACCC6F49-7E06-4395-AAF4-3C03A68F49EB}
	EndProjectSection
EndProject
Project("{8BC9CEB8-8B4A-11D0-8D11-00A0C91BC942}") = "qfvis", "qfvis\qfvis.vcproj", "{E5D842C5-669F-4FC7-A5E0-44B562F86435}"
	ProjectSection(ProjectDependencies) = postProject
		{ACCC6F49-7E06-4395-AAF4-3C03A68F49EB} = {ACCC6F49-7E06-4395-AAF4-3C03A68F49EB}
	EndProjectSection
EndProject
Global
	GlobalSection(SolutionConfigurationPlatforms) = preSolution
		Debug|Win32 = Debug|Win32
		Release|Win32 = Release|Win32
	EndGlobalSection
	GlobalSection(ProjectConfigurationPlatforms) = postSolution
		{9A942925-61E6-4975-935A-5D62E8248E64}.Debug|Win32.ActiveCfg = Debug|Win32
		{9A942925-61E6-4975-935A-5D62E8248E64}.Debug|Win32.Build.0 = Debug|Win32
		{9A942925-61E6-4975-935A-5D62E8248E64}.Release|Win32.ActiveCfg = Release|Win32
		{9A942925-61E6-4975-935A-5D62E8248E64}.Release|Win32.Build.0 = Release|Win32
		{6ADA4322-693A-46BB-897B-17BB5BE9F08C}.Debug|Win32.ActiveCfg = Debug|Win32
		{6ADA4322-693A-46BB-897B-17BB5BE9F08C}.Debug|Win32.Build.0 = Debug|Win32
		{6ADA4322-693A-46BB-897B-17BB5BE9F08C}.Release|Win32.ActiveCfg = Release|Win32
		{6ADA4322-693A-46BB-897B-17BB5BE9F08C}.Release|Win32.Build.0 = Release|Win32
		{6540C00F-C5EF-4C8B-824D-F2B7B302F0E0}.Debug|Win32.ActiveCfg = Debug|Win32
		{6540C00F-C5EF-4C8B-824D-F2B7B302F0E0}.Debug|Win32.Build.0 = Debug|Win32
		{6540C00F-C5EF-4C8B-824D-F2B7B302F0E0}.Release|Win32.ActiveCfg = Release|Win32
		{6540C00F-C5EF-4C8B-824D-F2B7B302F0E0}.Release|Win32.Build.0 = Release|Win32
		{51028ACF-53D4-4478-8500-55E6B8A81375}.Debug|Win32.ActiveCfg = Debug|Win32
		{51028ACF-53D4-4478-8500-55E6B8A81375}.Debug|Win32.Build.0 = Debug|Win32
		{51028ACF-53D4-4478-8500-55E6B8A81375}.Release|Win32.ActiveCfg = Release|Win32
		{51028ACF-53D4-4478-8500-55E6B8A81375}.Release|Win32.Build.0 = Release|Win32
		{1311DEDF-B04C-4E96-BFDC-5D9FA0B05AC7}.Debug|Win32.ActiveCfg = Debug|Win32
		{1311DEDF-B04C-4E96-BFDC-5D9FA0B05AC7}.Debug|Win32.Build.0 = Debug|Win32
		{1311DEDF-B04C-4E96-BFDC-5D9FA0B05AC7}.Release|Win32.ActiveCfg = Release|Win32
		{1311DEDF-B04C-4E96-BFDC-5D9FA0B05AC7}.Release|Win32.Build.0 = Release|Win32
		{ED4AFBF5-C247-4352-966D-048B8998C6A1}.Debug|Win32.ActiveCfg = Debug|Win32
		{ED4AFBF5-C247-4352-966D-048B8998C6A1}.Debug|Win32.Build.0 = Debug|Win32
		{ED4AFBF5-C247-4352-966D-048B8998C6A1}.Release|Win32.ActiveCfg = Release|Win32
		{ED4AFBF5-C247-4352-966D-048B8998C6A1}.Release|Win32.Build.0 = Release|Win32
		{01C3B138-9D45-4ED6-A763-893C067262C2}.Debug|Win32.ActiveCfg = Debug|Win32
		{01C3B138-9D45-4ED6-A763-893C067262C2}.Debug|Win32.Build.0 = Debug|Win32
		{01C3B138-9D45-4ED6-A763-893C067262C2}.Release|Win32.ActiveCfg = Release|Win32
		{01C3B138-9D45-4ED6-A763-893C067262C2}.Release|Win32.Build.0 = Release|Win32
		{ACCC6F49-7E06-4395-AAF4-3C03A68F49EB}.Debug|Win32.ActiveCfg = Debug|Win32
		{ACCC6F49-7E06-4395-AAF4-3C03A68F49EB}.Debug|Win32.Build.0 = Debug|Win32
		{ACCC6F49-7E06-4395-AAF4-3C03A68F49EB}.Release|Win32.ActiveCfg = Release|Win32
		{ACCC6F49-7E06-4395-AAF4-3C03A68F49EB}.Release|Win32.Build.0 = Release|Win32
		{2626C0E1-6F5C-47D3-B80D-93942D766DD7}.Debug|Win32.ActiveCfg = Debug|Win32
		{2626C0E1-6F5C-47D3-B80D-93942D766DD7}.Debug|Win32.Build.0 = Debug|Win32
		{2626C0E1-6F5C-47D3-B80D-93942D766DD7}.Release|Win32.ActiveCfg = Release|Win32
		{2626C0E1-6F5C-47D3-B80D-93942D766DD7}.Release|Win32.Build.0 = Release|Win32
		{04FA9D77-E45F-4917-B972-B353BA6A6FA8}.Debug|Win32.ActiveCfg = Debug|Win32
		{04FA9D77-E45F-4917-B972-B353BA6A6FA8}.Debug|Win32.Build.0 = Debug|Win32
		{04FA9D77-E45F-4917-B972-B353BA6A6FA8}.Release|Win32.ActiveCfg = Release|Win32
		{04FA9D77-E45F-4917-B972-B353BA6A6FA8}.Release|Win32.Build.0 = Release|Win32
		{BF149D97-7520-4788-9CD1-3D99C5C8150F}.Debug|Win32.ActiveCfg = Debug|Win32
		{BF149D97-7520-4788-9CD1-3D99C5C8150F}.Debug|Win32.Build.0 = Debug|Win32
		{BF149D97-7520-4788-9CD1-3D99C5C8150F}.Release|Win32.ActiveCfg = Release|Win32
		{BF149D97-7520-4788-9CD1-3D99C5C8150F}.Release|Win32.Build.0 = Release|Win32
		{5203F034-0047-4EC0-B7E9-D037FAF5D536}.Debug|Win32.ActiveCfg = Debug|Win32
		{5203F034-0047-4EC0-B7E9-D037FAF5D536}.Debug|Win32.Build.0 = Debug|Win32
		{5203F034-0047-4EC0-B7E9-D037FAF5D536}.Release|Win32.ActiveCfg = Release|Win32
		{5203F034-0047-4EC0-B7E9-D037FAF5D536}.Release|Win32.Build.0 = Release|Win32
		{E7B3D07D-2FE8-481B-8DAB-6255A412A42F}.Debug|Win32.ActiveCfg = Debug|Win32
		{E7B3D07D-2FE8-481B-8DAB-6255A412A42F}.Debug|Win32.Build.0 = Debug|Win32
		{E7B3D07D-2FE8-481B-8DAB-6255A412A42F}.Release|Win32.ActiveCfg = Release|Win32
		{E7B3D07D-2FE8-481B-8DAB-6255A412A42F}.Release|Win32.Build.0 = Release|Win32
		{BC1F021A-1EEC-4A7A-B746-5AA6048E478C}.Debug|Win32.ActiveCfg = Debug|Win32
		{BC1F021A-1EEC-4A7A-B746-5AA6048E478C}.Debug|Win32.Build.0 = Debug|Win32
		{BC1F021A-1EEC-4A7A-B746-5AA6048E478C}.Release|Win32.ActiveCfg = Release|Win32
		{BC1F021A-1EEC-4A7A-B746-5AA6048E478C}.Release|Win32.Build.0 = Release|Win32
		{544D097C-9C24-4C57-A171-8C8029421185}.Debug|Win32.ActiveCfg = Debug|Win32
		{544D097C-9C24-4C57-A171-8C8029421185}.Debug|Win32.Build.0 = Debug|Win32
		{544D097C-9C24-4C57-A171-8C8029421185}.Release|Win32.ActiveCfg = Release|Win32
		{544D097C-9C24-4C57-A171-8C8029421185}.Release|Win32.Build.0 = Release|Win32
		{DE7E8FF8-0F5D-4062-A5C0-CFA3502E7A5A}.Debug|Win32.ActiveCfg = Debug|Win32
		{DE7E8FF8-0F5D-4062-A5C0-CFA3502E7A5A}.Debug|Win32.Build.0 = Debug|Win32
		{DE7E8FF8-0F5D-4062-A5C0-CFA3502E7A5A}.Release|Win32.ActiveCfg = Release|Win32
		{DE7E8FF8-0F5D-4062-A5C0-CFA3502E7A5A}.Release|Win32.Build.0 = Release|Win32
		{226D42CE-5833-444E-94FA-84C1D51892A8}.Debug|Win32.ActiveCfg = Debug|Win32
		{226D42CE-5833-444E-94FA-84C1D51892A8}.Debug|Win32.Build.0 = Debug|Win32
		{226D42CE-5833-444E-94FA-84C1D51892A8}.Release|Win32.ActiveCfg = Release|Win32
		{226D42CE-5833-444E-94FA-84C1D51892A8}.Release|Win32.Build.0 = Release|Win32
		{B37FE734-01F4-4799-86B2-D084820715BE}.Debug|Win32.ActiveCfg = Debug|Win32
		{B37FE734-01F4-4799-86B2-D084820715BE}.Debug|Win32.Build.0 = Debug|Win32
		{B37FE734-01F4-4799-86B2-D084820715BE}.Release|Win32.ActiveCfg = Release|Win32
		{B37FE734-01F4-4799-86B2-D084820715BE}.Release|Win32.Build.0 = Release|Win32
		{B00D4025-0437-4FF2-BD0E-D2AE6CF82AC2}.Debug|Win32.ActiveCfg = Debug|Win32
		{B00D4025-0437-4FF2-BD0E-D2AE6CF82AC2}.Debug|Win32.Build.0 = Debug|Win32
		{B00D4025-0437-4FF2-BD0E-D2AE6CF82AC2}.Release|Win32.ActiveCfg = Release|Win32
		{B00D4025-0437-4FF2-BD0E-D2AE6CF82AC2}.Release|Win32.Build.0 = Release|Win32
		{5E7E6110-89E8-4797-A8E3-EBEF0EF5CAF2}.Debug|Win32.ActiveCfg = Debug|Win32
		{5E7E6110-89E8-4797-A8E3-EBEF0EF5CAF2}.Debug|Win32.Build.0 = Debug|Win32
		{5E7E6110-89E8-4797-A8E3-EBEF0EF5CAF2}.Release|Win32.ActiveCfg = Release|Win32
		{5E7E6110-89E8-4797-A8E3-EBEF0EF5CAF2}.Release|Win32.Build.0 = Release|Win32
		{E5D842C5-669F-4FC7-A5E0-44B562F86435}.Debug|Win32.ActiveCfg = Debug|Win32
		{E5D842C5-669F-4FC7-A5E0-44B562F86435}.Debug|Win32.Build.0 = Debug|Win32
		{E5D842C5-669F-4FC7-A5E0-44B562F86435}.Release|Win32.ActiveCfg = Release|Win32
		{E5D842C5-669F-4FC7-A5E0-44B562F86435}.Release|Win32.Build.0 = Release|Win32
	EndGlobalSection
	GlobalSection(SolutionProperties) = preSolution
		HideSolutionNode = FALSE
	EndGlobalSection
EndGlobal
﻿
Microsoft Visual Studio Solution File, Format Version 9.00
# Visual Studio 2005
Project("{8BC9CEB8-8B4A-11D0-8D11-00A0C91BC942}") = "qfclient", "qfclient\qfclient.vcproj", "{9A942925-61E6-4975-935A-5D62E8248E64}"
	ProjectSection(ProjectDependencies) = postProject
		{5203F034-0047-4EC0-B7E9-D037FAF5D536} = {5203F034-0047-4EC0-B7E9-D037FAF5D536}
		{E7B3D07D-2FE8-481B-8DAB-6255A412A42F} = {E7B3D07D-2FE8-481B-8DAB-6255A412A42F}
		{ACCC6F49-7E06-4395-AAF4-3C03A68F49EB} = {ACCC6F49-7E06-4395-AAF4-3C03A68F49EB}
		{ED4AFBF5-C247-4352-966D-048B8998C6A1} = {ED4AFBF5-C247-4352-966D-048B8998C6A1}
		{51028ACF-53D4-4478-8500-55E6B8A81375} = {51028ACF-53D4-4478-8500-55E6B8A81375}
		{6ADA4322-693A-46BB-897B-17BB5BE9F08C} = {6ADA4322-693A-46BB-897B-17BB5BE9F08C}
		{1311DEDF-B04C-4E96-BFDC-5D9FA0B05AC7} = {1311DEDF-B04C-4E96-BFDC-5D9FA0B05AC7}
		{6540C00F-C5EF-4C8B-824D-F2B7B302F0E0} = {6540C00F-C5EF-4C8B-824D-F2B7B302F0E0}
		{04FA9D77-E45F-4917-B972-B353BA6A6FA8} = {04FA9D77-E45F-4917-B972-B353BA6A6FA8}
		{2626C0E1-6F5C-47D3-B80D-93942D766DD7} = {2626C0E1-6F5C-47D3-B80D-93942D766DD7}
		{BF149D97-7520-4788-9CD1-3D99C5C8150F} = {BF149D97-7520-4788-9CD1-3D99C5C8150F}
		{01C3B138-9D45-4ED6-A763-893C067262C2} = {01C3B138-9D45-4ED6-A763-893C067262C2}
		{226D42CE-5833-444E-94FA-84C1D51892A8} = {226D42CE-5833-444E-94FA-84C1D51892A8}
		{BC1F021A-1EEC-4A7A-B746-5AA6048E478C} = {BC1F021A-1EEC-4A7A-B746-5AA6048E478C}
	EndProjectSection
EndProject
Project("{8BC9CEB8-8B4A-11D0-8D11-00A0C91BC942}") = "qw", "qw\qw.vcproj", "{6ADA4322-693A-46BB-897B-17BB5BE9F08C}"
EndProject
Project("{8BC9CEB8-8B4A-11D0-8D11-00A0C91BC942}") = "net", "net\net.vcproj", "{6540C00F-C5EF-4C8B-824D-F2B7B302F0E0}"
EndProject
Project("{8BC9CEB8-8B4A-11D0-8D11-00A0C91BC942}") = "ruamoko", "ruamoko\ruamoko.vcproj", "{51028ACF-53D4-4478-8500-55E6B8A81375}"
EndProject
Project("{8BC9CEB8-8B4A-11D0-8D11-00A0C91BC942}") = "modelsgl", "modelsgl\modelsgl.vcproj", "{1311DEDF-B04C-4E96-BFDC-5D9FA0B05AC7}"
EndProject
Project("{8BC9CEB8-8B4A-11D0-8D11-00A0C91BC942}") = "console", "console\console.vcproj", "{ED4AFBF5-C247-4352-966D-048B8998C6A1}"
EndProject
Project("{8BC9CEB8-8B4A-11D0-8D11-00A0C91BC942}") = "gib", "gib\gib.vcproj", "{01C3B138-9D45-4ED6-A763-893C067262C2}"
EndProject
Project("{8BC9CEB8-8B4A-11D0-8D11-00A0C91BC942}") = "util", "util\util.vcproj", "{ACCC6F49-7E06-4395-AAF4-3C03A68F49EB}"
EndProject
Project("{8BC9CEB8-8B4A-11D0-8D11-00A0C91BC942}") = "engine", "engine\engine.vcproj", "{2626C0E1-6F5C-47D3-B80D-93942D766DD7}"
EndProject
Project("{8BC9CEB8-8B4A-11D0-8D11-00A0C91BC942}") = "builtins", "builtins\builtins.vcproj", "{04FA9D77-E45F-4917-B972-B353BA6A6FA8}"
EndProject
Project("{8BC9CEB8-8B4A-11D0-8D11-00A0C91BC942}") = "sound", "sound\sound.vcproj", "{BF149D97-7520-4788-9CD1-3D99C5C8150F}"
EndProject
Project("{8BC9CEB8-8B4A-11D0-8D11-00A0C91BC942}") = "image", "image\image.vcproj", "{5203F034-0047-4EC0-B7E9-D037FAF5D536}"
EndProject
Project("{8BC9CEB8-8B4A-11D0-8D11-00A0C91BC942}") = "video", "video\video.vcproj", "{E7B3D07D-2FE8-481B-8DAB-6255A412A42F}"
EndProject
Project("{8BC9CEB8-8B4A-11D0-8D11-00A0C91BC942}") = "common", "common\common.vcproj", "{BC1F021A-1EEC-4A7A-B746-5AA6048E478C}"
EndProject
Project("{8BC9CEB8-8B4A-11D0-8D11-00A0C91BC942}") = "qfserver", "qfserver\qfserver.vcproj", "{544D097C-9C24-4C57-A171-8C8029421185}"
	ProjectSection(ProjectDependencies) = postProject
		{6ADA4322-693A-46BB-897B-17BB5BE9F08C} = {6ADA4322-693A-46BB-897B-17BB5BE9F08C}
		{B37FE734-01F4-4799-86B2-D084820715BE} = {B37FE734-01F4-4799-86B2-D084820715BE}
		{BC1F021A-1EEC-4A7A-B746-5AA6048E478C} = {BC1F021A-1EEC-4A7A-B746-5AA6048E478C}
		{DE7E8FF8-0F5D-4062-A5C0-CFA3502E7A5A} = {DE7E8FF8-0F5D-4062-A5C0-CFA3502E7A5A}
		{6540C00F-C5EF-4C8B-824D-F2B7B302F0E0} = {6540C00F-C5EF-4C8B-824D-F2B7B302F0E0}
		{ED4AFBF5-C247-4352-966D-048B8998C6A1} = {ED4AFBF5-C247-4352-966D-048B8998C6A1}
		{2626C0E1-6F5C-47D3-B80D-93942D766DD7} = {2626C0E1-6F5C-47D3-B80D-93942D766DD7}
		{51028ACF-53D4-4478-8500-55E6B8A81375} = {51028ACF-53D4-4478-8500-55E6B8A81375}
		{04FA9D77-E45F-4917-B972-B353BA6A6FA8} = {04FA9D77-E45F-4917-B972-B353BA6A6FA8}
		{ACCC6F49-7E06-4395-AAF4-3C03A68F49EB} = {ACCC6F49-7E06-4395-AAF4-3C03A68F49EB}
		{01C3B138-9D45-4ED6-A763-893C067262C2} = {01C3B138-9D45-4ED6-A763-893C067262C2}
	EndProjectSection
EndProject
Project("{8BC9CEB8-8B4A-11D0-8D11-00A0C91BC942}") = "models", "models\models.vcproj", "{DE7E8FF8-0F5D-4062-A5C0-CFA3502E7A5A}"
EndProject
Project("{8BC9CEB8-8B4A-11D0-8D11-00A0C91BC942}") = "console_client", "console_client\console_client.vcproj", "{226D42CE-5833-444E-94FA-84C1D51892A8}"
EndProject
Project("{8BC9CEB8-8B4A-11D0-8D11-00A0C91BC942}") = "console_server", "console_server\console_server.vcproj", "{B37FE734-01F4-4799-86B2-D084820715BE}"
EndProject
Project("{8BC9CEB8-8B4A-11D0-8D11-00A0C91BC942}") = "qfbsp", "qfbsp\qfbsp.vcproj", "{B00D4025-0437-4FF2-BD0E-D2AE6CF82AC2}"
	ProjectSection(ProjectDependencies) = postProject
		{ACCC6F49-7E06-4395-AAF4-3C03A68F49EB} = {ACCC6F49-7E06-4395-AAF4-3C03A68F49EB}
	EndProjectSection
EndProject
Project("{8BC9CEB8-8B4A-11D0-8D11-00A0C91BC942}") = "qflight", "qflight\qflight.vcproj", "{5E7E6110-89E8-4797-A8E3-EBEF0EF5CAF2}"
	ProjectSection(ProjectDependencies) = postProject
		{ACCC6F49-7E06-4395-AAF4-3C03A68F49EB} = {ACCC6F49-7E06-4395-AAF4-3C03A68F49EB}
	EndProjectSection
EndProject
Project("{8BC9CEB8-8B4A-11D0-8D11-00A0C91BC942}") = "qfvis", "qfvis\qfvis.vcproj", "{E5D842C5-669F-4FC7-A5E0-44B562F86435}"
	ProjectSection(ProjectDependencies) = postProject
		{ACCC6F49-7E06-4395-AAF4-3C03A68F49EB} = {ACCC6F49-7E06-4395-AAF4-3C03A68F49EB}
	EndProjectSection
EndProject
Global
	GlobalSection(SolutionConfigurationPlatforms) = preSolution
		Debug|Win32 = Debug|Win32
		Release|Win32 = Release|Win32
	EndGlobalSection
	GlobalSection(ProjectConfigurationPlatforms) = postSolution
		{9A942925-61E6-4975-935A-5D62E8248E64}.Debug|Win32.ActiveCfg = Debug|Win32
		{9A942925-61E6-4975-935A-5D62E8248E64}.Debug|Win32.Build.0 = Debug|Win32
		{9A942925-61E6-4975-935A-5D62E8248E64}.Release|Win32.ActiveCfg = Release|Win32
		{9A942925-61E6-4975-935A-5D62E8248E64}.Release|Win32.Build.0 = Release|Win32
		{6ADA4322-693A-46BB-897B-17BB5BE9F08C}.Debug|Win32.ActiveCfg = Debug|Win32
		{6ADA4322-693A-46BB-897B-17BB5BE9F08C}.Debug|Win32.Build.0 = Debug|Win32
		{6ADA4322-693A-46BB-897B-17BB5BE9F08C}.Release|Win32.ActiveCfg = Release|Win32
		{6ADA4322-693A-46BB-897B-17BB5BE9F08C}.Release|Win32.Build.0 = Release|Win32
		{6540C00F-C5EF-4C8B-824D-F2B7B302F0E0}.Debug|Win32.ActiveCfg = Debug|Win32
		{6540C00F-C5EF-4C8B-824D-F2B7B302F0E0}.Debug|Win32.Build.0 = Debug|Win32
		{6540C00F-C5EF-4C8B-824D-F2B7B302F0E0}.Release|Win32.ActiveCfg = Release|Win32
		{6540C00F-C5EF-4C8B-824D-F2B7B302F0E0}.Release|Win32.Build.0 = Release|Win32
		{51028ACF-53D4-4478-8500-55E6B8A81375}.Debug|Win32.ActiveCfg = Debug|Win32
		{51028ACF-53D4-4478-8500-55E6B8A81375}.Debug|Win32.Build.0 = Debug|Win32
		{51028ACF-53D4-4478-8500-55E6B8A81375}.Release|Win32.ActiveCfg = Release|Win32
		{51028ACF-53D4-4478-8500-55E6B8A81375}.Release|Win32.Build.0 = Release|Win32
		{1311DEDF-B04C-4E96-BFDC-5D9FA0B05AC7}.Debug|Win32.ActiveCfg = Debug|Win32
		{1311DEDF-B04C-4E96-BFDC-5D9FA0B05AC7}.Debug|Win32.Build.0 = Debug|Win32
		{1311DEDF-B04C-4E96-BFDC-5D9FA0B05AC7}.Release|Win32.ActiveCfg = Release|Win32
		{1311DEDF-B04C-4E96-BFDC-5D9FA0B05AC7}.Release|Win32.Build.0 = Release|Win32
		{ED4AFBF5-C247-4352-966D-048B8998C6A1}.Debug|Win32.ActiveCfg = Debug|Win32
		{ED4AFBF5-C247-4352-966D-048B8998C6A1}.Debug|Win32.Build.0 = Debug|Win32
		{ED4AFBF5-C247-4352-966D-048B8998C6A1}.Release|Win32.ActiveCfg = Release|Win32
		{ED4AFBF5-C247-4352-966D-048B8998C6A1}.Release|Win32.Build.0 = Release|Win32
		{01C3B138-9D45-4ED6-A763-893C067262C2}.Debug|Win32.ActiveCfg = Debug|Win32
		{01C3B138-9D45-4ED6-A763-893C067262C2}.Debug|Win32.Build.0 = Debug|Win32
		{01C3B138-9D45-4ED6-A763-893C067262C2}.Release|Win32.ActiveCfg = Release|Win32
		{01C3B138-9D45-4ED6-A763-893C067262C2}.Release|Win32.Build.0 = Release|Win32
		{ACCC6F49-7E06-4395-AAF4-3C03A68F49EB}.Debug|Win32.ActiveCfg = Debug|Win32
		{ACCC6F49-7E06-4395-AAF4-3C03A68F49EB}.Debug|Win32.Build.0 = Debug|Win32
		{ACCC6F49-7E06-4395-AAF4-3C03A68F49EB}.Release|Win32.ActiveCfg = Release|Win32
		{ACCC6F49-7E06-4395-AAF4-3C03A68F49EB}.Release|Win32.Build.0 = Release|Win32
		{2626C0E1-6F5C-47D3-B80D-93942D766DD7}.Debug|Win32.ActiveCfg = Debug|Win32
		{2626C0E1-6F5C-47D3-B80D-93942D766DD7}.Debug|Win32.Build.0 = Debug|Win32
		{2626C0E1-6F5C-47D3-B80D-93942D766DD7}.Release|Win32.ActiveCfg = Release|Win32
		{2626C0E1-6F5C-47D3-B80D-93942D766DD7}.Release|Win32.Build.0 = Release|Win32
		{04FA9D77-E45F-4917-B972-B353BA6A6FA8}.Debug|Win32.ActiveCfg = Debug|Win32
		{04FA9D77-E45F-4917-B972-B353BA6A6FA8}.Debug|Win32.Build.0 = Debug|Win32
		{04FA9D77-E45F-4917-B972-B353BA6A6FA8}.Release|Win32.ActiveCfg = Release|Win32
		{04FA9D77-E45F-4917-B972-B353BA6A6FA8}.Release|Win32.Build.0 = Release|Win32
		{BF149D97-7520-4788-9CD1-3D99C5C8150F}.Debug|Win32.ActiveCfg = Debug|Win32
		{BF149D97-7520-4788-9CD1-3D99C5C8150F}.Debug|Win32.Build.0 = Debug|Win32
		{BF149D97-7520-4788-9CD1-3D99C5C8150F}.Release|Win32.ActiveCfg = Release|Win32
		{BF149D97-7520-4788-9CD1-3D99C5C8150F}.Release|Win32.Build.0 = Release|Win32
		{5203F034-0047-4EC0-B7E9-D037FAF5D536}.Debug|Win32.ActiveCfg = Debug|Win32
		{5203F034-0047-4EC0-B7E9-D037FAF5D536}.Debug|Win32.Build.0 = Debug|Win32
		{5203F034-0047-4EC0-B7E9-D037FAF5D536}.Release|Win32.ActiveCfg = Release|Win32
		{5203F034-0047-4EC0-B7E9-D037FAF5D536}.Release|Win32.Build.0 = Release|Win32
		{E7B3D07D-2FE8-481B-8DAB-6255A412A42F}.Debug|Win32.ActiveCfg = Debug|Win32
		{E7B3D07D-2FE8-481B-8DAB-6255A412A42F}.Debug|Win32.Build.0 = Debug|Win32
		{E7B3D07D-2FE8-481B-8DAB-6255A412A42F}.Release|Win32.ActiveCfg = Release|Win32
		{E7B3D07D-2FE8-481B-8DAB-6255A412A42F}.Release|Win32.Build.0 = Release|Win32
		{BC1F021A-1EEC-4A7A-B746-5AA6048E478C}.Debug|Win32.ActiveCfg = Debug|Win32
		{BC1F021A-1EEC-4A7A-B746-5AA6048E478C}.Debug|Win32.Build.0 = Debug|Win32
		{BC1F021A-1EEC-4A7A-B746-5AA6048E478C}.Release|Win32.ActiveCfg = Release|Win32
		{BC1F021A-1EEC-4A7A-B746-5AA6048E478C}.Release|Win32.Build.0 = Release|Win32
		{544D097C-9C24-4C57-A171-8C8029421185}.Debug|Win32.ActiveCfg = Debug|Win32
		{544D097C-9C24-4C57-A171-8C8029421185}.Debug|Win32.Build.0 = Debug|Win32
		{544D097C-9C24-4C57-A171-8C8029421185}.Release|Win32.ActiveCfg = Release|Win32
		{544D097C-9C24-4C57-A171-8C8029421185}.Release|Win32.Build.0 = Release|Win32
		{DE7E8FF8-0F5D-4062-A5C0-CFA3502E7A5A}.Debug|Win32.ActiveCfg = Debug|Win32
		{DE7E8FF8-0F5D-4062-A5C0-CFA3502E7A5A}.Debug|Win32.Build.0 = Debug|Win32
		{DE7E8FF8-0F5D-4062-A5C0-CFA3502E7A5A}.Release|Win32.ActiveCfg = Release|Win32
		{DE7E8FF8-0F5D-4062-A5C0-CFA3502E7A5A}.Release|Win32.Build.0 = Release|Win32
		{226D42CE-5833-444E-94FA-84C1D51892A8}.Debug|Win32.ActiveCfg = Debug|Win32
		{226D42CE-5833-444E-94FA-84C1D51892A8}.Debug|Win32.Build.0 = Debug|Win32
		{226D42CE-5833-444E-94FA-84C1D51892A8}.Release|Win32.ActiveCfg = Release|Win32
		{226D42CE-5833-444E-94FA-84C1D51892A8}.Release|Win32.Build.0 = Release|Win32
		{B37FE734-01F4-4799-86B2-D084820715BE}.Debug|Win32.ActiveCfg = Debug|Win32
		{B37FE734-01F4-4799-86B2-D084820715BE}.Debug|Win32.Build.0 = Debug|Win32
		{B37FE734-01F4-4799-86B2-D084820715BE}.Release|Win32.ActiveCfg = Release|Win32
		{B37FE734-01F4-4799-86B2-D084820715BE}.Release|Win32.Build.0 = Release|Win32
		{B00D4025-0437-4FF2-BD0E-D2AE6CF82AC2}.Debug|Win32.ActiveCfg = Debug|Win32
		{B00D4025-0437-4FF2-BD0E-D2AE6CF82AC2}.Debug|Win32.Build.0 = Debug|Win32
		{B00D4025-0437-4FF2-BD0E-D2AE6CF82AC2}.Release|Win32.ActiveCfg = Release|Win32
		{B00D4025-0437-4FF2-BD0E-D2AE6CF82AC2}.Release|Win32.Build.0 = Release|Win32
		{5E7E6110-89E8-4797-A8E3-EBEF0EF5CAF2}.Debug|Win32.ActiveCfg = Debug|Win32
		{5E7E6110-89E8-4797-A8E3-EBEF0EF5CAF2}.Debug|Win32.Build.0 = Debug|Win32
		{5E7E6110-89E8-4797-A8E3-EBEF0EF5CAF2}.Release|Win32.ActiveCfg = Release|Win32
		{5E7E6110-89E8-4797-A8E3-EBEF0EF5CAF2}.Release|Win32.Build.0 = Release|Win32
		{E5D842C5-669F-4FC7-A5E0-44B562F86435}.Debug|Win32.ActiveCfg = Debug|Win32
		{E5D842C5-669F-4FC7-A5E0-44B562F86435}.Debug|Win32.Build.0 = Debug|Win32
		{E5D842C5-669F-4FC7-A5E0-44B562F86435}.Release|Win32.ActiveCfg = Release|Win32
		{E5D842C5-669F-4FC7-A5E0-44B562F86435}.Release|Win32.Build.0 = Release|Win32
	EndGlobalSection
	GlobalSection(SolutionProperties) = preSolution
		HideSolutionNode = FALSE
	EndGlobalSection
EndGlobal
